// !$*UTF8*$!
{
	archiveVersion = 1;
	classes = {
	};
	objectVersion = 46;
	objects = {

/* Begin PBXBuildFile section */
		2D271A6F1ABE1AE300A71464 /* main.m in Sources */ = {isa = PBXBuildFile; fileRef = 2D271A6E1ABE1AE300A71464 /* main.m */; };
		2D271A721ABE1AE300A71464 /* AppDelegate.m in Sources */ = {isa = PBXBuildFile; fileRef = 2D271A711ABE1AE300A71464 /* AppDelegate.m */; };
		2D271A751ABE1AE300A71464 /* PipeDream.xcdatamodeld in Sources */ = {isa = PBXBuildFile; fileRef = 2D271A731ABE1AE300A71464 /* PipeDream.xcdatamodeld */; };
		2D271A7B1ABE1AE300A71464 /* Main.storyboard in Resources */ = {isa = PBXBuildFile; fileRef = 2D271A791ABE1AE300A71464 /* Main.storyboard */; };
		2D271A7D1ABE1AE300A71464 /* Images.xcassets in Resources */ = {isa = PBXBuildFile; fileRef = 2D271A7C1ABE1AE300A71464 /* Images.xcassets */; };
		2D271A801ABE1AE300A71464 /* LaunchScreen.xib in Resources */ = {isa = PBXBuildFile; fileRef = 2D271A7E1ABE1AE300A71464 /* LaunchScreen.xib */; };
		2D271A8C1ABE1AE400A71464 /* PipeDreamTests.m in Sources */ = {isa = PBXBuildFile; fileRef = 2D271A8B1ABE1AE400A71464 /* PipeDreamTests.m */; };
		2D271A971ABE1B4A00A71464 /* PDBaseViewController.m in Sources */ = {isa = PBXBuildFile; fileRef = 2D271A961ABE1B4A00A71464 /* PDBaseViewController.m */; };
		2D271A9D1ABE25C900A71464 /* PDNavigationController.m in Sources */ = {isa = PBXBuildFile; fileRef = 2D271A9C1ABE25C900A71464 /* PDNavigationController.m */; };
		2DBEBCAE1AD70B7100123DB5 /* BG.png in Resources */ = {isa = PBXBuildFile; fileRef = 2DBEBCAD1AD70B7100123DB5 /* BG.png */; };
		2DBEBCB11AD70DA000123DB5 /* PDDrawerCustomCellBackground.m in Sources */ = {isa = PBXBuildFile; fileRef = 2DBEBCB01AD70DA000123DB5 /* PDDrawerCustomCellBackground.m */; };
		2DBEBCB51AD72A8E00123DB5 /* PDDrawerTableViewCell.m in Sources */ = {isa = PBXBuildFile; fileRef = 2DBEBCB41AD72A8E00123DB5 /* PDDrawerTableViewCell.m */; };
		2DBEBCC01AD7314000123DB5 /* menu.png in Resources */ = {isa = PBXBuildFile; fileRef = 2DBEBCBE1AD7314000123DB5 /* menu.png */; };
		2DBEBCC11AD7314000123DB5 /* menu@2x.png in Resources */ = {isa = PBXBuildFile; fileRef = 2DBEBCBF1AD7314000123DB5 /* menu@2x.png */; };
		2DC51D121AD4B8C500B9FA1F /* PDDrawerViewController.m in Sources */ = {isa = PBXBuildFile; fileRef = 2DC51D111AD4B8C500B9FA1F /* PDDrawerViewController.m */; };
		2DC51D261AD4ECA800B9FA1F /* PDNewsViewController.m in Sources */ = {isa = PBXBuildFile; fileRef = 2DC51D251AD4ECA800B9FA1F /* PDNewsViewController.m */; };
		2DC51D381AD5B58200B9FA1F /* Front View Swipe Left.png in Resources */ = {isa = PBXBuildFile; fileRef = 2DC51D331AD5B58200B9FA1F /* Front View Swipe Left.png */; };
		2DC51D391AD5B58200B9FA1F /* Front View Swipe Left@2x.png in Resources */ = {isa = PBXBuildFile; fileRef = 2DC51D341AD5B58200B9FA1F /* Front View Swipe Left@2x.png */; };
		2DC51D3A1AD5B58200B9FA1F /* Front View.png in Resources */ = {isa = PBXBuildFile; fileRef = 2DC51D351AD5B58200B9FA1F /* Front View.png */; };
		2DC51D3B1AD5B58200B9FA1F /* Front View@2x.png in Resources */ = {isa = PBXBuildFile; fileRef = 2DC51D361AD5B58200B9FA1F /* Front View@2x.png */; };
		2DC51D3C1AD5B58200B9FA1F /* Front View@3x.png in Resources */ = {isa = PBXBuildFile; fileRef = 2DC51D371AD5B58200B9FA1F /* Front View@3x.png */; };
		2DC51D3F1AD5C49D00B9FA1F /* PDFeedTableViewCell.m in Sources */ = {isa = PBXBuildFile; fileRef = 2DC51D3E1AD5C49D00B9FA1F /* PDFeedTableViewCell.m */; };
/* End PBXBuildFile section */

/* Begin PBXContainerItemProxy section */
		2D271A861ABE1AE400A71464 /* PBXContainerItemProxy */ = {
			isa = PBXContainerItemProxy;
			containerPortal = 2D271A611ABE1AE300A71464 /* Project object */;
			proxyType = 1;
			remoteGlobalIDString = 2D271A681ABE1AE300A71464;
			remoteInfo = PipeDream;
		};
/* End PBXContainerItemProxy section */

/* Begin PBXFileReference section */
		2D271A691ABE1AE300A71464 /* PipeDream.app */ = {isa = PBXFileReference; explicitFileType = wrapper.application; includeInIndex = 0; path = PipeDream.app; sourceTree = BUILT_PRODUCTS_DIR; };
		2D271A6D1ABE1AE300A71464 /* Info.plist */ = {isa = PBXFileReference; lastKnownFileType = text.plist.xml; path = Info.plist; sourceTree = "<group>"; };
		2D271A6E1ABE1AE300A71464 /* main.m */ = {isa = PBXFileReference; lastKnownFileType = sourcecode.c.objc; path = main.m; sourceTree = "<group>"; };
		2D271A701ABE1AE300A71464 /* AppDelegate.h */ = {isa = PBXFileReference; lastKnownFileType = sourcecode.c.h; path = AppDelegate.h; sourceTree = "<group>"; };
		2D271A711ABE1AE300A71464 /* AppDelegate.m */ = {isa = PBXFileReference; lastKnownFileType = sourcecode.c.objc; path = AppDelegate.m; sourceTree = "<group>"; };
		2D271A741ABE1AE300A71464 /* PipeDream.xcdatamodel */ = {isa = PBXFileReference; lastKnownFileType = wrapper.xcdatamodel; path = PipeDream.xcdatamodel; sourceTree = "<group>"; };
		2D271A7A1ABE1AE300A71464 /* Base */ = {isa = PBXFileReference; lastKnownFileType = file.storyboard; name = Base; path = Base.lproj/Main.storyboard; sourceTree = "<group>"; };
		2D271A7C1ABE1AE300A71464 /* Images.xcassets */ = {isa = PBXFileReference; lastKnownFileType = folder.assetcatalog; path = Images.xcassets; sourceTree = "<group>"; };
		2D271A7F1ABE1AE300A71464 /* Base */ = {isa = PBXFileReference; lastKnownFileType = file.xib; name = Base; path = Base.lproj/LaunchScreen.xib; sourceTree = "<group>"; };
		2D271A851ABE1AE400A71464 /* PipeDreamTests.xctest */ = {isa = PBXFileReference; explicitFileType = wrapper.cfbundle; includeInIndex = 0; path = PipeDreamTests.xctest; sourceTree = BUILT_PRODUCTS_DIR; };
		2D271A8A1ABE1AE400A71464 /* Info.plist */ = {isa = PBXFileReference; lastKnownFileType = text.plist.xml; path = Info.plist; sourceTree = "<group>"; };
		2D271A8B1ABE1AE400A71464 /* PipeDreamTests.m */ = {isa = PBXFileReference; lastKnownFileType = sourcecode.c.objc; path = PipeDreamTests.m; sourceTree = "<group>"; };
		2D271A951ABE1B4A00A71464 /* PDBaseViewController.h */ = {isa = PBXFileReference; fileEncoding = 4; lastKnownFileType = sourcecode.c.h; path = PDBaseViewController.h; sourceTree = "<group>"; };
		2D271A961ABE1B4A00A71464 /* PDBaseViewController.m */ = {isa = PBXFileReference; fileEncoding = 4; lastKnownFileType = sourcecode.c.objc; path = PDBaseViewController.m; sourceTree = "<group>"; };
		2D271A9B1ABE25C900A71464 /* PDNavigationController.h */ = {isa = PBXFileReference; fileEncoding = 4; lastKnownFileType = sourcecode.c.h; path = PDNavigationController.h; sourceTree = "<group>"; };
		2D271A9C1ABE25C900A71464 /* PDNavigationController.m */ = {isa = PBXFileReference; fileEncoding = 4; lastKnownFileType = sourcecode.c.objc; path = PDNavigationController.m; sourceTree = "<group>"; };
		2DBEBCAD1AD70B7100123DB5 /* BG.png */ = {isa = PBXFileReference; lastKnownFileType = image.png; path = BG.png; sourceTree = "<group>"; };
		2DBEBCAF1AD70DA000123DB5 /* PDDrawerCustomCellBackground.h */ = {isa = PBXFileReference; fileEncoding = 4; lastKnownFileType = sourcecode.c.h; path = PDDrawerCustomCellBackground.h; sourceTree = "<group>"; };
		2DBEBCB01AD70DA000123DB5 /* PDDrawerCustomCellBackground.m */ = {isa = PBXFileReference; fileEncoding = 4; lastKnownFileType = sourcecode.c.objc; path = PDDrawerCustomCellBackground.m; sourceTree = "<group>"; };
		2DBEBCB31AD72A8E00123DB5 /* PDDrawerTableViewCell.h */ = {isa = PBXFileReference; fileEncoding = 4; lastKnownFileType = sourcecode.c.h; path = PDDrawerTableViewCell.h; sourceTree = "<group>"; };
		2DBEBCB41AD72A8E00123DB5 /* PDDrawerTableViewCell.m */ = {isa = PBXFileReference; fileEncoding = 4; lastKnownFileType = sourcecode.c.objc; path = PDDrawerTableViewCell.m; sourceTree = "<group>"; };
		2DBEBCBE1AD7314000123DB5 /* menu.png */ = {isa = PBXFileReference; lastKnownFileType = image.png; path = menu.png; sourceTree = "<group>"; };
		2DBEBCBF1AD7314000123DB5 /* menu@2x.png */ = {isa = PBXFileReference; lastKnownFileType = image.png; path = "menu@2x.png"; sourceTree = "<group>"; };
		2DC51D101AD4B8C500B9FA1F /* PDDrawerViewController.h */ = {isa = PBXFileReference; fileEncoding = 4; lastKnownFileType = sourcecode.c.h; name = PDDrawerViewController.h; path = ../PDDrawerViewController.h; sourceTree = "<group>"; };
		2DC51D111AD4B8C500B9FA1F /* PDDrawerViewController.m */ = {isa = PBXFileReference; fileEncoding = 4; lastKnownFileType = sourcecode.c.objc; name = PDDrawerViewController.m; path = ../PDDrawerViewController.m; sourceTree = "<group>"; };
		2DC51D241AD4ECA800B9FA1F /* PDNewsViewController.h */ = {isa = PBXFileReference; fileEncoding = 4; lastKnownFileType = sourcecode.c.h; path = PDNewsViewController.h; sourceTree = "<group>"; };
		2DC51D251AD4ECA800B9FA1F /* PDNewsViewController.m */ = {isa = PBXFileReference; fileEncoding = 4; lastKnownFileType = sourcecode.c.objc; path = PDNewsViewController.m; sourceTree = "<group>"; };
		2DC51D331AD5B58200B9FA1F /* Front View Swipe Left.png */ = {isa = PBXFileReference; lastKnownFileType = image.png; path = "Front View Swipe Left.png"; sourceTree = "<group>"; };
		2DC51D341AD5B58200B9FA1F /* Front View Swipe Left@2x.png */ = {isa = PBXFileReference; lastKnownFileType = image.png; path = "Front View Swipe Left@2x.png"; sourceTree = "<group>"; };
		2DC51D351AD5B58200B9FA1F /* Front View.png */ = {isa = PBXFileReference; lastKnownFileType = image.png; path = "Front View.png"; sourceTree = "<group>"; };
		2DC51D361AD5B58200B9FA1F /* Front View@2x.png */ = {isa = PBXFileReference; lastKnownFileType = image.png; path = "Front View@2x.png"; sourceTree = "<group>"; };
		2DC51D371AD5B58200B9FA1F /* Front View@3x.png */ = {isa = PBXFileReference; lastKnownFileType = image.png; path = "Front View@3x.png"; sourceTree = "<group>"; };
		2DC51D3D1AD5C49D00B9FA1F /* PDFeedTableViewCell.h */ = {isa = PBXFileReference; fileEncoding = 4; lastKnownFileType = sourcecode.c.h; path = PDFeedTableViewCell.h; sourceTree = "<group>"; };
		2DC51D3E1AD5C49D00B9FA1F /* PDFeedTableViewCell.m */ = {isa = PBXFileReference; fileEncoding = 4; lastKnownFileType = sourcecode.c.objc; path = PDFeedTableViewCell.m; sourceTree = "<group>"; };
/* End PBXFileReference section */

/* Begin PBXFrameworksBuildPhase section */
		2D271A661ABE1AE300A71464 /* Frameworks */ = {
			isa = PBXFrameworksBuildPhase;
			buildActionMask = 2147483647;
			files = (
			);
			runOnlyForDeploymentPostprocessing = 0;
		};
		2D271A821ABE1AE400A71464 /* Frameworks */ = {
			isa = PBXFrameworksBuildPhase;
			buildActionMask = 2147483647;
			files = (
			);
			runOnlyForDeploymentPostprocessing = 0;
		};
/* End PBXFrameworksBuildPhase section */

/* Begin PBXGroup section */
		2D271A601ABE1AE300A71464 = {
			isa = PBXGroup;
			children = (
				2D271A6B1ABE1AE300A71464 /* PipeDream */,
				2D271A881ABE1AE400A71464 /* PipeDreamTests */,
				2D271A6A1ABE1AE300A71464 /* Products */,
			);
			sourceTree = "<group>";
		};
		2D271A6A1ABE1AE300A71464 /* Products */ = {
			isa = PBXGroup;
			children = (
				2D271A691ABE1AE300A71464 /* PipeDream.app */,
				2D271A851ABE1AE400A71464 /* PipeDreamTests.xctest */,
			);
			name = Products;
			sourceTree = "<group>";
		};
		2D271A6B1ABE1AE300A71464 /* PipeDream */ = {
			isa = PBXGroup;
			children = (
				2D271A701ABE1AE300A71464 /* AppDelegate.h */,
				2D271A711ABE1AE300A71464 /* AppDelegate.m */,
				2D271A981ABE1B6A00A71464 /* Classes */,
				2D271A791ABE1AE300A71464 /* Main.storyboard */,
				2D271A7C1ABE1AE300A71464 /* Images.xcassets */,
				2D271A7E1ABE1AE300A71464 /* LaunchScreen.xib */,
				2D271A731ABE1AE300A71464 /* PipeDream.xcdatamodeld */,
				2DC51D171AD4D2D100B9FA1F /* Resources */,
				2D271A6C1ABE1AE300A71464 /* Supporting Files */,
			);
			path = PipeDream;
			sourceTree = "<group>";
		};
		2D271A6C1ABE1AE300A71464 /* Supporting Files */ = {
			isa = PBXGroup;
			children = (
				2D271A6D1ABE1AE300A71464 /* Info.plist */,
				2D271A6E1ABE1AE300A71464 /* main.m */,
			);
			name = "Supporting Files";
			sourceTree = "<group>";
		};
		2D271A881ABE1AE400A71464 /* PipeDreamTests */ = {
			isa = PBXGroup;
			children = (
				2D271A8B1ABE1AE400A71464 /* PipeDreamTests.m */,
				2D271A891ABE1AE400A71464 /* Supporting Files */,
			);
			path = PipeDreamTests;
			sourceTree = "<group>";
		};
		2D271A891ABE1AE400A71464 /* Supporting Files */ = {
			isa = PBXGroup;
			children = (
				2D271A8A1ABE1AE400A71464 /* Info.plist */,
			);
			name = "Supporting Files";
			sourceTree = "<group>";
		};
		2D271A981ABE1B6A00A71464 /* Classes */ = {
			isa = PBXGroup;
			children = (
				2D271A9A1ABE1B9400A71464 /* Common */,
				2DC51D161AD4D0F900B9FA1F /* ViewControllers */,
			);
			name = Classes;
			sourceTree = "<group>";
		};
		2D271A9A1ABE1B9400A71464 /* Common */ = {
			isa = PBXGroup;
			children = (
				2D271A951ABE1B4A00A71464 /* PDBaseViewController.h */,
				2D271A961ABE1B4A00A71464 /* PDBaseViewController.m */,
				2D271A9B1ABE25C900A71464 /* PDNavigationController.h */,
				2D271A9C1ABE25C900A71464 /* PDNavigationController.m */,
				2D8DADE41AD888790047AECE /* Cell */,
				2DBEBCB21AD70DAC00123DB5 /* Drawer */,
			);
			name = Common;
			sourceTree = "<group>";
		};
		2D8DADE41AD888790047AECE /* Cell */ = {
			isa = PBXGroup;
			children = (
				2DBEBCB31AD72A8E00123DB5 /* PDDrawerTableViewCell.h */,
				2DBEBCB41AD72A8E00123DB5 /* PDDrawerTableViewCell.m */,
				2DC51D3D1AD5C49D00B9FA1F /* PDFeedTableViewCell.h */,
				2DC51D3E1AD5C49D00B9FA1F /* PDFeedTableViewCell.m */,
			);
			name = Cell;
			sourceTree = "<group>";
		};
		2DBEBCB21AD70DAC00123DB5 /* Drawer */ = {
			isa = PBXGroup;
			children = (
				2DBEBCAF1AD70DA000123DB5 /* PDDrawerCustomCellBackground.h */,
				2DBEBCB01AD70DA000123DB5 /* PDDrawerCustomCellBackground.m */,
				2DC51D101AD4B8C500B9FA1F /* PDDrawerViewController.h */,
				2DC51D111AD4B8C500B9FA1F /* PDDrawerViewController.m */,
			);
			name = Drawer;
			sourceTree = "<group>";
		};
		2DC51D161AD4D0F900B9FA1F /* ViewControllers */ = {
			isa = PBXGroup;
			children = (
				2DC51D241AD4ECA800B9FA1F /* PDNewsViewController.h */,
				2DC51D251AD4ECA800B9FA1F /* PDNewsViewController.m */,
			);
			name = ViewControllers;
			sourceTree = "<group>";
		};
		2DC51D171AD4D2D100B9FA1F /* Resources */ = {
			isa = PBXGroup;
			children = (
				2DBEBCBE1AD7314000123DB5 /* menu.png */,
				2DBEBCBF1AD7314000123DB5 /* menu@2x.png */,
				2DBEBCAD1AD70B7100123DB5 /* BG.png */,
				2DC51D331AD5B58200B9FA1F /* Front View Swipe Left.png */,
				2DC51D341AD5B58200B9FA1F /* Front View Swipe Left@2x.png */,
				2DC51D351AD5B58200B9FA1F /* Front View.png */,
				2DC51D361AD5B58200B9FA1F /* Front View@2x.png */,
				2DC51D371AD5B58200B9FA1F /* Front View@3x.png */,
			);
			name = Resources;
			path = ..;
			sourceTree = "<group>";
		};
/* End PBXGroup section */

/* Begin PBXNativeTarget section */
		2D271A681ABE1AE300A71464 /* PipeDream */ = {
			isa = PBXNativeTarget;
			buildConfigurationList = 2D271A8F1ABE1AE400A71464 /* Build configuration list for PBXNativeTarget "PipeDream" */;
			buildPhases = (
				2D271A651ABE1AE300A71464 /* Sources */,
				2D271A661ABE1AE300A71464 /* Frameworks */,
				2D271A671ABE1AE300A71464 /* Resources */,
			);
			buildRules = (
			);
			dependencies = (
			);
			name = PipeDream;
			productName = PipeDream;
			productReference = 2D271A691ABE1AE300A71464 /* PipeDream.app */;
			productType = "com.apple.product-type.application";
		};
		2D271A841ABE1AE400A71464 /* PipeDreamTests */ = {
			isa = PBXNativeTarget;
			buildConfigurationList = 2D271A921ABE1AE400A71464 /* Build configuration list for PBXNativeTarget "PipeDreamTests" */;
			buildPhases = (
				2D271A811ABE1AE400A71464 /* Sources */,
				2D271A821ABE1AE400A71464 /* Frameworks */,
				2D271A831ABE1AE400A71464 /* Resources */,
			);
			buildRules = (
			);
			dependencies = (
				2D271A871ABE1AE400A71464 /* PBXTargetDependency */,
			);
			name = PipeDreamTests;
			productName = PipeDreamTests;
			productReference = 2D271A851ABE1AE400A71464 /* PipeDreamTests.xctest */;
			productType = "com.apple.product-type.bundle.unit-test";
		};
/* End PBXNativeTarget section */

/* Begin PBXProject section */
		2D271A611ABE1AE300A71464 /* Project object */ = {
			isa = PBXProject;
			attributes = {
				LastUpgradeCheck = 0620;
				ORGANIZATIONNAME = "elif ece arslan";
				TargetAttributes = {
					2D271A681ABE1AE300A71464 = {
						CreatedOnToolsVersion = 6.2;
					};
					2D271A841ABE1AE400A71464 = {
						CreatedOnToolsVersion = 6.2;
						TestTargetID = 2D271A681ABE1AE300A71464;
					};
				};
			};
			buildConfigurationList = 2D271A641ABE1AE300A71464 /* Build configuration list for PBXProject "PipeDream" */;
			compatibilityVersion = "Xcode 3.2";
			developmentRegion = English;
			hasScannedForEncodings = 0;
			knownRegions = (
				en,
				Base,
			);
			mainGroup = 2D271A601ABE1AE300A71464;
			productRefGroup = 2D271A6A1ABE1AE300A71464 /* Products */;
			projectDirPath = "";
			projectRoot = "";
			targets = (
				2D271A681ABE1AE300A71464 /* PipeDream */,
				2D271A841ABE1AE400A71464 /* PipeDreamTests */,
			);
		};
/* End PBXProject section */

/* Begin PBXResourcesBuildPhase section */
		2D271A671ABE1AE300A71464 /* Resources */ = {
			isa = PBXResourcesBuildPhase;
			buildActionMask = 2147483647;
			files = (
				2DBEBCC11AD7314000123DB5 /* menu@2x.png in Resources */,
				2D271A7B1ABE1AE300A71464 /* Main.storyboard in Resources */,
				2DC51D3B1AD5B58200B9FA1F /* Front View@2x.png in Resources */,
				2DC51D3A1AD5B58200B9FA1F /* Front View.png in Resources */,
				2DC51D3C1AD5B58200B9FA1F /* Front View@3x.png in Resources */,
				2DC51D391AD5B58200B9FA1F /* Front View Swipe Left@2x.png in Resources */,
				2DBEBCAE1AD70B7100123DB5 /* BG.png in Resources */,
				2DBEBCC01AD7314000123DB5 /* menu.png in Resources */,
				2D271A801ABE1AE300A71464 /* LaunchScreen.xib in Resources */,
				2D271A7D1ABE1AE300A71464 /* Images.xcassets in Resources */,
				2DC51D381AD5B58200B9FA1F /* Front View Swipe Left.png in Resources */,
			);
			runOnlyForDeploymentPostprocessing = 0;
		};
		2D271A831ABE1AE400A71464 /* Resources */ = {
			isa = PBXResourcesBuildPhase;
			buildActionMask = 2147483647;
			files = (
			);
			runOnlyForDeploymentPostprocessing = 0;
		};
/* End PBXResourcesBuildPhase section */

/* Begin PBXSourcesBuildPhase section */
		2D271A651ABE1AE300A71464 /* Sources */ = {
			isa = PBXSourcesBuildPhase;
			buildActionMask = 2147483647;
			files = (
				2D271A751ABE1AE300A71464 /* PipeDream.xcdatamodeld in Sources */,
				2DC51D3F1AD5C49D00B9FA1F /* PDFeedTableViewCell.m in Sources */,
				2DBEBCB51AD72A8E00123DB5 /* PDDrawerTableViewCell.m in Sources */,
				2DC51D261AD4ECA800B9FA1F /* PDNewsViewController.m in Sources */,
				2D271A721ABE1AE300A71464 /* AppDelegate.m in Sources */,
				2D271A9D1ABE25C900A71464 /* PDNavigationController.m in Sources */,
				2D271A6F1ABE1AE300A71464 /* main.m in Sources */,
				2D271A971ABE1B4A00A71464 /* PDBaseViewController.m in Sources */,
				2DC51D121AD4B8C500B9FA1F /* PDDrawerViewController.m in Sources */,
				2DBEBCB11AD70DA000123DB5 /* PDDrawerCustomCellBackground.m in Sources */,
			);
			runOnlyForDeploymentPostprocessing = 0;
		};
		2D271A811ABE1AE400A71464 /* Sources */ = {
			isa = PBXSourcesBuildPhase;
			buildActionMask = 2147483647;
			files = (
				2D271A8C1ABE1AE400A71464 /* PipeDreamTests.m in Sources */,
			);
			runOnlyForDeploymentPostprocessing = 0;
		};
/* End PBXSourcesBuildPhase section */

/* Begin PBXTargetDependency section */
		2D271A871ABE1AE400A71464 /* PBXTargetDependency */ = {
			isa = PBXTargetDependency;
			target = 2D271A681ABE1AE300A71464 /* PipeDream */;
			targetProxy = 2D271A861ABE1AE400A71464 /* PBXContainerItemProxy */;
		};
/* End PBXTargetDependency section */

/* Begin PBXVariantGroup section */
		2D271A791ABE1AE300A71464 /* Main.storyboard */ = {
			isa = PBXVariantGroup;
			children = (
				2D271A7A1ABE1AE300A71464 /* Base */,
			);
			name = Main.storyboard;
			sourceTree = "<group>";
		};
		2D271A7E1ABE1AE300A71464 /* LaunchScreen.xib */ = {
			isa = PBXVariantGroup;
			children = (
				2D271A7F1ABE1AE300A71464 /* Base */,
			);
			name = LaunchScreen.xib;
			sourceTree = "<group>";
		};
/* End PBXVariantGroup section */

/* Begin XCBuildConfiguration section */
		2D271A8D1ABE1AE400A71464 /* Debug */ = {
			isa = XCBuildConfiguration;
			buildSettings = {
				ALWAYS_SEARCH_USER_PATHS = NO;
				CLANG_CXX_LANGUAGE_STANDARD = "gnu++0x";
				CLANG_CXX_LIBRARY = "libc++";
				CLANG_ENABLE_MODULES = YES;
				CLANG_ENABLE_OBJC_ARC = YES;
				CLANG_WARN_BOOL_CONVERSION = YES;
				CLANG_WARN_CONSTANT_CONVERSION = YES;
				CLANG_WARN_DIRECT_OBJC_ISA_USAGE = YES_ERROR;
				CLANG_WARN_EMPTY_BODY = YES;
				CLANG_WARN_ENUM_CONVERSION = YES;
				CLANG_WARN_INT_CONVERSION = YES;
				CLANG_WARN_OBJC_ROOT_CLASS = YES_ERROR;
				CLANG_WARN_UNREACHABLE_CODE = YES;
				CLANG_WARN__DUPLICATE_METHOD_MATCH = YES;
				"CODE_SIGN_IDENTITY[sdk=iphoneos*]" = "iPhone Developer";
				COPY_PHASE_STRIP = NO;
				ENABLE_STRICT_OBJC_MSGSEND = YES;
				GCC_C_LANGUAGE_STANDARD = gnu99;
				GCC_DYNAMIC_NO_PIC = NO;
				GCC_OPTIMIZATION_LEVEL = 0;
				GCC_PREPROCESSOR_DEFINITIONS = (
					"DEBUG=1",
					"$(inherited)",
				);
				GCC_SYMBOLS_PRIVATE_EXTERN = NO;
				GCC_WARN_64_TO_32_BIT_CONVERSION = YES;
				GCC_WARN_ABOUT_RETURN_TYPE = YES_ERROR;
				GCC_WARN_UNDECLARED_SELECTOR = YES;
				GCC_WARN_UNINITIALIZED_AUTOS = YES_AGGRESSIVE;
				GCC_WARN_UNUSED_FUNCTION = YES;
				GCC_WARN_UNUSED_VARIABLE = YES;
				IPHONEOS_DEPLOYMENT_TARGET = 8.2;
				MTL_ENABLE_DEBUG_INFO = YES;
				ONLY_ACTIVE_ARCH = YES;
				SDKROOT = iphoneos;
				SUPPORTED_PLATFORMS = "iphonesimulator iphoneos";
				TARGETED_DEVICE_FAMILY = "1,2";
			};
			name = Debug;
		};
		2D271A8E1ABE1AE400A71464 /* Release */ = {
			isa = XCBuildConfiguration;
			buildSettings = {
				ALWAYS_SEARCH_USER_PATHS = NO;
				CLANG_CXX_LANGUAGE_STANDARD = "gnu++0x";
				CLANG_CXX_LIBRARY = "libc++";
				CLANG_ENABLE_MODULES = YES;
				CLANG_ENABLE_OBJC_ARC = YES;
				CLANG_WARN_BOOL_CONVERSION = YES;
				CLANG_WARN_CONSTANT_CONVERSION = YES;
				CLANG_WARN_DIRECT_OBJC_ISA_USAGE = YES_ERROR;
				CLANG_WARN_EMPTY_BODY = YES;
				CLANG_WARN_ENUM_CONVERSION = YES;
				CLANG_WARN_INT_CONVERSION = YES;
				CLANG_WARN_OBJC_ROOT_CLASS = YES_ERROR;
				CLANG_WARN_UNREACHABLE_CODE = YES;
				CLANG_WARN__DUPLICATE_METHOD_MATCH = YES;
				"CODE_SIGN_IDENTITY[sdk=iphoneos*]" = "iPhone Developer";
				COPY_PHASE_STRIP = NO;
				ENABLE_NS_ASSERTIONS = NO;
				ENABLE_STRICT_OBJC_MSGSEND = YES;
				GCC_C_LANGUAGE_STANDARD = gnu99;
				GCC_WARN_64_TO_32_BIT_CONVERSION = YES;
				GCC_WARN_ABOUT_RETURN_TYPE = YES_ERROR;
				GCC_WARN_UNDECLARED_SELECTOR = YES;
				GCC_WARN_UNINITIALIZED_AUTOS = YES_AGGRESSIVE;
				GCC_WARN_UNUSED_FUNCTION = YES;
				GCC_WARN_UNUSED_VARIABLE = YES;
				IPHONEOS_DEPLOYMENT_TARGET = 8.2;
				MTL_ENABLE_DEBUG_INFO = NO;
				SDKROOT = iphoneos;
				SUPPORTED_PLATFORMS = "iphonesimulator iphoneos";
				TARGETED_DEVICE_FAMILY = "1,2";
				VALIDATE_PRODUCT = YES;
			};
			name = Release;
		};
		2D271A901ABE1AE400A71464 /* Debug */ = {
			isa = XCBuildConfiguration;
			buildSettings = {
				ASSETCATALOG_COMPILER_APPICON_NAME = AppIcon;
				INFOPLIST_FILE = PipeDream/Info.plist;
				LD_RUNPATH_SEARCH_PATHS = "$(inherited) @executable_path/Frameworks";
				PRODUCT_NAME = "$(TARGET_NAME)";
			};
			name = Debug;
		};
		2D271A911ABE1AE400A71464 /* Release */ = {
			isa = XCBuildConfiguration;
			buildSettings = {
				ASSETCATALOG_COMPILER_APPICON_NAME = AppIcon;
				INFOPLIST_FILE = PipeDream/Info.plist;
				LD_RUNPATH_SEARCH_PATHS = "$(inherited) @executable_path/Frameworks";
				PRODUCT_NAME = "$(TARGET_NAME)";
			};
			name = Release;
		};
		2D271A931ABE1AE400A71464 /* Debug */ = {
			isa = XCBuildConfiguration;
			buildSettings = {
				BUNDLE_LOADER = "$(TEST_HOST)";
				FRAMEWORK_SEARCH_PATHS = (
					"$(SDKROOT)/Developer/Library/Frameworks",
					"$(inherited)",
				);
				GCC_PREPROCESSOR_DEFINITIONS = (
					"DEBUG=1",
					"$(inherited)",
				);
				INFOPLIST_FILE = PipeDreamTests/Info.plist;
				LD_RUNPATH_SEARCH_PATHS = "$(inherited) @executable_path/Frameworks @loader_path/Frameworks";
				PRODUCT_NAME = "$(TARGET_NAME)";
				TEST_HOST = "$(BUILT_PRODUCTS_DIR)/PipeDream.app/PipeDream";
			};
			name = Debug;
		};
		2D271A941ABE1AE400A71464 /* Release */ = {
			isa = XCBuildConfiguration;
			buildSettings = {
				BUNDLE_LOADER = "$(TEST_HOST)";
				FRAMEWORK_SEARCH_PATHS = (
					"$(SDKROOT)/Developer/Library/Frameworks",
					"$(inherited)",
				);
				INFOPLIST_FILE = PipeDreamTests/Info.plist;
				LD_RUNPATH_SEARCH_PATHS = "$(inherited) @executable_path/Frameworks @loader_path/Frameworks";
				PRODUCT_NAME = "$(TARGET_NAME)";
				TEST_HOST = "$(BUILT_PRODUCTS_DIR)/PipeDream.app/PipeDream";
			};
			name = Release;
		};
/* End XCBuildConfiguration section */

/* Begin XCConfigurationList section */
		2D271A641ABE1AE300A71464 /* Build configuration list for PBXProject "PipeDream" */ = {
			isa = XCConfigurationList;
			buildConfigurations = (
				2D271A8D1ABE1AE400A71464 /* Debug */,
				2D271A8E1ABE1AE400A71464 /* Release */,
			);
			defaultConfigurationIsVisible = 0;
			defaultConfigurationName = Release;
		};
		2D271A8F1ABE1AE400A71464 /* Build configuration list for PBXNativeTarget "PipeDream" */ = {
			isa = XCConfigurationList;
			buildConfigurations = (
				2D271A901ABE1AE400A71464 /* Debug */,
				2D271A911ABE1AE400A71464 /* Release */,
			);
			defaultConfigurationIsVisible = 0;
			defaultConfigurationName = Release;
		};
		2D271A921ABE1AE400A71464 /* Build configuration list for PBXNativeTarget "PipeDreamTests" */ = {
			isa = XCConfigurationList;
			buildConfigurations = (
				2D271A931ABE1AE400A71464 /* Debug */,
				2D271A941ABE1AE400A71464 /* Release */,
			);
			defaultConfigurationIsVisible = 0;
			defaultConfigurationName = Release;
		};
/* End XCConfigurationList section */

/* Begin XCVersionGroup section */
		2D271A731ABE1AE300A71464 /* PipeDream.xcdatamodeld */ = {
			isa = XCVersionGroup;
			children = (
				2D271A741ABE1AE300A71464 /* PipeDream.xcdatamodel */,
			);
			currentVersion = 2D271A741ABE1AE300A71464 /* PipeDream.xcdatamodel */;
			path = PipeDream.xcdatamodeld;
			sourceTree = "<group>";
			versionGroupType = wrapper.xcdatamodel;
		};
/* End XCVersionGroup section */
	};
	rootObject = 2D271A611ABE1AE300A71464 /* Project object */;
}
