// !$*UTF8*$!
{
	archiveVersion = 1;
	classes = {
	};
	objectVersion = 46;
	objects = {

/* Begin PBXBuildFile section */
		2D271A6F1ABE1AE300A71464 /* main.m in Sources */ = {isa = PBXBuildFile; fileRef = 2D271A6E1ABE1AE300A71464 /* main.m */; };
		2D271A721ABE1AE300A71464 /* AppDelegate.m in Sources */ = {isa = PBXBuildFile; fileRef = 2D271A711ABE1AE300A71464 /* AppDelegate.m */; };
		2D271A751ABE1AE300A71464 /* PipeDream.xcdatamodeld in Sources */ = {isa = PBXBuildFile; fileRef = 2D271A731ABE1AE300A71464 /* PipeDream.xcdatamodeld */; };
		2D271A7B1ABE1AE300A71464 /* Main.storyboard in Resources */ = {isa = PBXBuildFile; fileRef = 2D271A791ABE1AE300A71464 /* Main.storyboard */; };
		2D271A7D1ABE1AE300A71464 /* Images.xcassets in Resources */ = {isa = PBXBuildFile; fileRef = 2D271A7C1ABE1AE300A71464 /* Images.xcassets */; };
		2D271A801ABE1AE300A71464 /* LaunchScreen.xib in Resources */ = {isa = PBXBuildFile; fileRef = 2D271A7E1ABE1AE300A71464 /* LaunchScreen.xib */; };
		2D271A8C1ABE1AE400A71464 /* PipeDreamTests.m in Sources */ = {isa = PBXBuildFile; fileRef = 2D271A8B1ABE1AE400A71464 /* PipeDreamTests.m */; };
		2D271A9D1ABE25C900A71464 /* PDNavigationController.m in Sources */ = {isa = PBXBuildFile; fileRef = 2D271A9C1ABE25C900A71464 /* PDNavigationController.m */; };
		2D2921341ADA148A00D622EC /* JVFloatingDrawer.framework in Frameworks */ = {isa = PBXBuildFile; fileRef = 2D2921331ADA148A00D622EC /* JVFloatingDrawer.framework */; };
		2D2921371ADA154500D622EC /* PDDrawerViewController.m in Sources */ = {isa = PBXBuildFile; fileRef = 2D2921361ADA154500D622EC /* PDDrawerViewController.m */; };
		2D29213D1ADA49E800D622EC /* PDReleaseViewController.m in Sources */ = {isa = PBXBuildFile; fileRef = 2D29213C1ADA49E800D622EC /* PDReleaseViewController.m */; };
		2D2921411ADA4C7100D622EC /* PDSportsViewController.m in Sources */ = {isa = PBXBuildFile; fileRef = 2D2921401ADA4C7100D622EC /* PDSportsViewController.m */; };
		2D345C011AD9E56F00308866 /* detail.png in Resources */ = {isa = PBXBuildFile; fileRef = 2D345BFF1AD9E56F00308866 /* detail.png */; };
		2D345C021AD9E56F00308866 /* detail@2x.png in Resources */ = {isa = PBXBuildFile; fileRef = 2D345C001AD9E56F00308866 /* detail@2x.png */; };
		2D345C051AD9E5C700308866 /* PDNewsDetailViewController.m in Sources */ = {isa = PBXBuildFile; fileRef = 2D345C041AD9E5C700308866 /* PDNewsDetailViewController.m */; };
		2D5E8E211AD9F2AE00FB533F /* PDOpinionViewController.m in Sources */ = {isa = PBXBuildFile; fileRef = 2D5E8E201AD9F2AE00FB533F /* PDOpinionViewController.m */; };
		2D5E8E241AD9F32500FB533F /* PDOpinionDetailViewController.m in Sources */ = {isa = PBXBuildFile; fileRef = 2D5E8E231AD9F32500FB533F /* PDOpinionDetailViewController.m */; };
		2D8DADED1AD8B7440047AECE /* PDDrawerMenuCell.m in Sources */ = {isa = PBXBuildFile; fileRef = 2D8DADEC1AD8B7440047AECE /* PDDrawerMenuCell.m */; };
		2D8DADF71AD8E2E70047AECE /* PDFeedTableViewCell.m in Sources */ = {isa = PBXBuildFile; fileRef = 2D8DADF61AD8E2E70047AECE /* PDFeedTableViewCell.m */; };
		2DBEBCAE1AD70B7100123DB5 /* BG.png in Resources */ = {isa = PBXBuildFile; fileRef = 2DBEBCAD1AD70B7100123DB5 /* BG.png */; };
		2DBEBCC01AD7314000123DB5 /* menu.png in Resources */ = {isa = PBXBuildFile; fileRef = 2DBEBCBE1AD7314000123DB5 /* menu.png */; };
		2DBEBCC11AD7314000123DB5 /* menu@2x.png in Resources */ = {isa = PBXBuildFile; fileRef = 2DBEBCBF1AD7314000123DB5 /* menu@2x.png */; };
		2DC51D261AD4ECA800B9FA1F /* PDNewsViewController.m in Sources */ = {isa = PBXBuildFile; fileRef = 2DC51D251AD4ECA800B9FA1F /* PDNewsViewController.m */; };
		2DC51D381AD5B58200B9FA1F /* Front View Swipe Left.png in Resources */ = {isa = PBXBuildFile; fileRef = 2DC51D331AD5B58200B9FA1F /* Front View Swipe Left.png */; };
		2DC51D391AD5B58200B9FA1F /* Front View Swipe Left@2x.png in Resources */ = {isa = PBXBuildFile; fileRef = 2DC51D341AD5B58200B9FA1F /* Front View Swipe Left@2x.png */; };
		2DC51D3A1AD5B58200B9FA1F /* Front View.png in Resources */ = {isa = PBXBuildFile; fileRef = 2DC51D351AD5B58200B9FA1F /* Front View.png */; };
		2DC51D3B1AD5B58200B9FA1F /* Front View@2x.png in Resources */ = {isa = PBXBuildFile; fileRef = 2DC51D361AD5B58200B9FA1F /* Front View@2x.png */; };
		2DC51D3C1AD5B58200B9FA1F /* Front View@3x.png in Resources */ = {isa = PBXBuildFile; fileRef = 2DC51D371AD5B58200B9FA1F /* Front View@3x.png */; };
		D09D8ACBB15D3F7BC0EB2839 /* Pods_PipeDream.framework in Frameworks */ = {isa = PBXBuildFile; fileRef = 42B9D5B4C476E3BFECB988FE /* Pods_PipeDream.framework */; settings = {ATTRIBUTES = (Weak, ); }; };
/* End PBXBuildFile section */

/* Begin PBXContainerItemProxy section */
		2D271A861ABE1AE400A71464 /* PBXContainerItemProxy */ = {
			isa = PBXContainerItemProxy;
			containerPortal = 2D271A611ABE1AE300A71464 /* Project object */;
			proxyType = 1;
			remoteGlobalIDString = 2D271A681ABE1AE300A71464;
			remoteInfo = PipeDream;
		};
/* End PBXContainerItemProxy section */

/* Begin PBXFileReference section */
		1DBB73B3EFDBCEBB106DF89E /* Pods-PipeDream.release.xcconfig */ = {isa = PBXFileReference; includeInIndex = 1; lastKnownFileType = text.xcconfig; name = "Pods-PipeDream.release.xcconfig"; path = "Pods/Target Support Files/Pods-PipeDream/Pods-PipeDream.release.xcconfig"; sourceTree = "<group>"; };
		2D271A691ABE1AE300A71464 /* PipeDream.app */ = {isa = PBXFileReference; explicitFileType = wrapper.application; includeInIndex = 0; path = PipeDream.app; sourceTree = BUILT_PRODUCTS_DIR; };
		2D271A6D1ABE1AE300A71464 /* Info.plist */ = {isa = PBXFileReference; lastKnownFileType = text.plist.xml; path = Info.plist; sourceTree = "<group>"; };
		2D271A6E1ABE1AE300A71464 /* main.m */ = {isa = PBXFileReference; lastKnownFileType = sourcecode.c.objc; path = main.m; sourceTree = "<group>"; };
		2D271A701ABE1AE300A71464 /* AppDelegate.h */ = {isa = PBXFileReference; lastKnownFileType = sourcecode.c.h; path = AppDelegate.h; sourceTree = "<group>"; };
		2D271A711ABE1AE300A71464 /* AppDelegate.m */ = {isa = PBXFileReference; lastKnownFileType = sourcecode.c.objc; path = AppDelegate.m; sourceTree = "<group>"; };
		2D271A741ABE1AE300A71464 /* PipeDream.xcdatamodel */ = {isa = PBXFileReference; lastKnownFileType = wrapper.xcdatamodel; path = PipeDream.xcdatamodel; sourceTree = "<group>"; };
		2D271A7A1ABE1AE300A71464 /* Base */ = {isa = PBXFileReference; lastKnownFileType = file.storyboard; name = Base; path = Base.lproj/Main.storyboard; sourceTree = "<group>"; };
		2D271A7C1ABE1AE300A71464 /* Images.xcassets */ = {isa = PBXFileReference; lastKnownFileType = folder.assetcatalog; path = Images.xcassets; sourceTree = "<group>"; };
		2D271A7F1ABE1AE300A71464 /* Base */ = {isa = PBXFileReference; lastKnownFileType = file.xib; name = Base; path = Base.lproj/LaunchScreen.xib; sourceTree = "<group>"; };
		2D271A851ABE1AE400A71464 /* PipeDreamTests.xctest */ = {isa = PBXFileReference; explicitFileType = wrapper.cfbundle; includeInIndex = 0; path = PipeDreamTests.xctest; sourceTree = BUILT_PRODUCTS_DIR; };
		2D271A8A1ABE1AE400A71464 /* Info.plist */ = {isa = PBXFileReference; lastKnownFileType = text.plist.xml; path = Info.plist; sourceTree = "<group>"; };
		2D271A8B1ABE1AE400A71464 /* PipeDreamTests.m */ = {isa = PBXFileReference; lastKnownFileType = sourcecode.c.objc; path = PipeDreamTests.m; sourceTree = "<group>"; };
		2D271A9B1ABE25C900A71464 /* PDNavigationController.h */ = {isa = PBXFileReference; fileEncoding = 4; lastKnownFileType = sourcecode.c.h; path = PDNavigationController.h; sourceTree = "<group>"; };
		2D271A9C1ABE25C900A71464 /* PDNavigationController.m */ = {isa = PBXFileReference; fileEncoding = 4; lastKnownFileType = sourcecode.c.objc; path = PDNavigationController.m; sourceTree = "<group>"; };
		2D2921331ADA148A00D622EC /* JVFloatingDrawer.framework */ = {isa = PBXFileReference; lastKnownFileType = wrapper.framework; name = JVFloatingDrawer.framework; path = "Pods/../build/Debug-iphoneos/Pods-PipeDream/JVFloatingDrawer.framework"; sourceTree = "<group>"; };
		2D2921351ADA154500D622EC /* PDDrawerViewController.h */ = {isa = PBXFileReference; fileEncoding = 4; lastKnownFileType = sourcecode.c.h; path = PDDrawerViewController.h; sourceTree = "<group>"; };
		2D2921361ADA154500D622EC /* PDDrawerViewController.m */ = {isa = PBXFileReference; fileEncoding = 4; lastKnownFileType = sourcecode.c.objc; path = PDDrawerViewController.m; sourceTree = "<group>"; };
		2D29213B1ADA49E800D622EC /* PDReleaseViewController.h */ = {isa = PBXFileReference; fileEncoding = 4; lastKnownFileType = sourcecode.c.h; path = PDReleaseViewController.h; sourceTree = "<group>"; };
		2D29213C1ADA49E800D622EC /* PDReleaseViewController.m */ = {isa = PBXFileReference; fileEncoding = 4; lastKnownFileType = sourcecode.c.objc; path = PDReleaseViewController.m; sourceTree = "<group>"; };
		2D29213F1ADA4C7100D622EC /* PDSportsViewController.h */ = {isa = PBXFileReference; fileEncoding = 4; lastKnownFileType = sourcecode.c.h; path = PDSportsViewController.h; sourceTree = "<group>"; };
		2D2921401ADA4C7100D622EC /* PDSportsViewController.m */ = {isa = PBXFileReference; fileEncoding = 4; lastKnownFileType = sourcecode.c.objc; path = PDSportsViewController.m; sourceTree = "<group>"; };
		2D345BFF1AD9E56F00308866 /* detail.png */ = {isa = PBXFileReference; lastKnownFileType = image.png; path = detail.png; sourceTree = "<group>"; };
		2D345C001AD9E56F00308866 /* detail@2x.png */ = {isa = PBXFileReference; lastKnownFileType = image.png; path = "detail@2x.png"; sourceTree = "<group>"; };
		2D345C031AD9E5C700308866 /* PDNewsDetailViewController.h */ = {isa = PBXFileReference; fileEncoding = 4; lastKnownFileType = sourcecode.c.h; path = PDNewsDetailViewController.h; sourceTree = "<group>"; };
		2D345C041AD9E5C700308866 /* PDNewsDetailViewController.m */ = {isa = PBXFileReference; fileEncoding = 4; lastKnownFileType = sourcecode.c.objc; path = PDNewsDetailViewController.m; sourceTree = "<group>"; };
		2D5E8E1F1AD9F2AE00FB533F /* PDOpinionViewController.h */ = {isa = PBXFileReference; fileEncoding = 4; lastKnownFileType = sourcecode.c.h; path = PDOpinionViewController.h; sourceTree = "<group>"; };
		2D5E8E201AD9F2AE00FB533F /* PDOpinionViewController.m */ = {isa = PBXFileReference; fileEncoding = 4; lastKnownFileType = sourcecode.c.objc; path = PDOpinionViewController.m; sourceTree = "<group>"; };
		2D5E8E221AD9F32500FB533F /* PDOpinionDetailViewController.h */ = {isa = PBXFileReference; fileEncoding = 4; lastKnownFileType = sourcecode.c.h; path = PDOpinionDetailViewController.h; sourceTree = "<group>"; };
		2D5E8E231AD9F32500FB533F /* PDOpinionDetailViewController.m */ = {isa = PBXFileReference; fileEncoding = 4; lastKnownFileType = sourcecode.c.objc; path = PDOpinionDetailViewController.m; sourceTree = "<group>"; };
		2D8DADEB1AD8B7440047AECE /* PDDrawerMenuCell.h */ = {isa = PBXFileReference; fileEncoding = 4; lastKnownFileType = sourcecode.c.h; path = PDDrawerMenuCell.h; sourceTree = "<group>"; };
		2D8DADEC1AD8B7440047AECE /* PDDrawerMenuCell.m */ = {isa = PBXFileReference; fileEncoding = 4; lastKnownFileType = sourcecode.c.objc; path = PDDrawerMenuCell.m; sourceTree = "<group>"; };
		2D8DADF51AD8E2E70047AECE /* PDFeedTableViewCell.h */ = {isa = PBXFileReference; fileEncoding = 4; lastKnownFileType = sourcecode.c.h; path = PDFeedTableViewCell.h; sourceTree = "<group>"; };
		2D8DADF61AD8E2E70047AECE /* PDFeedTableViewCell.m */ = {isa = PBXFileReference; fileEncoding = 4; lastKnownFileType = sourcecode.c.objc; path = PDFeedTableViewCell.m; sourceTree = "<group>"; };
		2DBEBCAD1AD70B7100123DB5 /* BG.png */ = {isa = PBXFileReference; lastKnownFileType = image.png; path = BG.png; sourceTree = "<group>"; };
		2DBEBCBE1AD7314000123DB5 /* menu.png */ = {isa = PBXFileReference; lastKnownFileType = image.png; path = menu.png; sourceTree = "<group>"; };
		2DBEBCBF1AD7314000123DB5 /* menu@2x.png */ = {isa = PBXFileReference; lastKnownFileType = image.png; path = "menu@2x.png"; sourceTree = "<group>"; };
		2DC51D241AD4ECA800B9FA1F /* PDNewsViewController.h */ = {isa = PBXFileReference; fileEncoding = 4; lastKnownFileType = sourcecode.c.h; path = PDNewsViewController.h; sourceTree = "<group>"; };
		2DC51D251AD4ECA800B9FA1F /* PDNewsViewController.m */ = {isa = PBXFileReference; fileEncoding = 4; lastKnownFileType = sourcecode.c.objc; path = PDNewsViewController.m; sourceTree = "<group>"; };
		2DC51D331AD5B58200B9FA1F /* Front View Swipe Left.png */ = {isa = PBXFileReference; lastKnownFileType = image.png; path = "Front View Swipe Left.png"; sourceTree = "<group>"; };
		2DC51D341AD5B58200B9FA1F /* Front View Swipe Left@2x.png */ = {isa = PBXFileReference; lastKnownFileType = image.png; path = "Front View Swipe Left@2x.png"; sourceTree = "<group>"; };
		2DC51D351AD5B58200B9FA1F /* Front View.png */ = {isa = PBXFileReference; lastKnownFileType = image.png; path = "Front View.png"; sourceTree = "<group>"; };
		2DC51D361AD5B58200B9FA1F /* Front View@2x.png */ = {isa = PBXFileReference; lastKnownFileType = image.png; path = "Front View@2x.png"; sourceTree = "<group>"; };
		2DC51D371AD5B58200B9FA1F /* Front View@3x.png */ = {isa = PBXFileReference; lastKnownFileType = image.png; path = "Front View@3x.png"; sourceTree = "<group>"; };
		42B9D5B4C476E3BFECB988FE /* Pods_PipeDream.framework */ = {isa = PBXFileReference; explicitFileType = wrapper.framework; includeInIndex = 0; path = Pods_PipeDream.framework; sourceTree = BUILT_PRODUCTS_DIR; };
		774EED6B9BEC8E099AFBF156 /* Pods-PipeDream.debug.xcconfig */ = {isa = PBXFileReference; includeInIndex = 1; lastKnownFileType = text.xcconfig; name = "Pods-PipeDream.debug.xcconfig"; path = "Pods/Target Support Files/Pods-PipeDream/Pods-PipeDream.debug.xcconfig"; sourceTree = "<group>"; };
/* End PBXFileReference section */

/* Begin PBXFrameworksBuildPhase section */
		2D271A661ABE1AE300A71464 /* Frameworks */ = {
			isa = PBXFrameworksBuildPhase;
			buildActionMask = 2147483647;
			files = (
				2D2921341ADA148A00D622EC /* JVFloatingDrawer.framework in Frameworks */,
				D09D8ACBB15D3F7BC0EB2839 /* Pods_PipeDream.framework in Frameworks */,
			);
			runOnlyForDeploymentPostprocessing = 0;
		};
		2D271A821ABE1AE400A71464 /* Frameworks */ = {
			isa = PBXFrameworksBuildPhase;
			buildActionMask = 2147483647;
			files = (
			);
			runOnlyForDeploymentPostprocessing = 0;
		};
/* End PBXFrameworksBuildPhase section */

/* Begin PBXGroup section */
		2D271A601ABE1AE300A71464 = {
			isa = PBXGroup;
			children = (
				2D271A6B1ABE1AE300A71464 /* PipeDream */,
				2D271A881ABE1AE400A71464 /* PipeDreamTests */,
				2D271A6A1ABE1AE300A71464 /* Products */,
				7931DE257A76F74859FB3B5E /* Pods */,
				794F173DADAE86E716A67057 /* Frameworks */,
			);
			sourceTree = "<group>";
		};
		2D271A6A1ABE1AE300A71464 /* Products */ = {
			isa = PBXGroup;
			children = (
				2D271A691ABE1AE300A71464 /* PipeDream.app */,
				2D271A851ABE1AE400A71464 /* PipeDreamTests.xctest */,
			);
			name = Products;
			sourceTree = "<group>";
		};
		2D271A6B1ABE1AE300A71464 /* PipeDream */ = {
			isa = PBXGroup;
			children = (
				2D271A701ABE1AE300A71464 /* AppDelegate.h */,
				2D271A711ABE1AE300A71464 /* AppDelegate.m */,
				2D271A981ABE1B6A00A71464 /* Classes */,
				2D271A791ABE1AE300A71464 /* Main.storyboard */,
				2D271A7C1ABE1AE300A71464 /* Images.xcassets */,
				2D271A7E1ABE1AE300A71464 /* LaunchScreen.xib */,
				2D271A731ABE1AE300A71464 /* PipeDream.xcdatamodeld */,
				2DC51D171AD4D2D100B9FA1F /* Resources */,
				2D271A6C1ABE1AE300A71464 /* Supporting Files */,
			);
			path = PipeDream;
			sourceTree = "<group>";
		};
		2D271A6C1ABE1AE300A71464 /* Supporting Files */ = {
			isa = PBXGroup;
			children = (
				2D271A6D1ABE1AE300A71464 /* Info.plist */,
				2D271A6E1ABE1AE300A71464 /* main.m */,
			);
			name = "Supporting Files";
			sourceTree = "<group>";
		};
		2D271A881ABE1AE400A71464 /* PipeDreamTests */ = {
			isa = PBXGroup;
			children = (
				2D271A8B1ABE1AE400A71464 /* PipeDreamTests.m */,
				2D271A891ABE1AE400A71464 /* Supporting Files */,
			);
			path = PipeDreamTests;
			sourceTree = "<group>";
		};
		2D271A891ABE1AE400A71464 /* Supporting Files */ = {
			isa = PBXGroup;
			children = (
				2D271A8A1ABE1AE400A71464 /* Info.plist */,
			);
			name = "Supporting Files";
			sourceTree = "<group>";
		};
		2D271A981ABE1B6A00A71464 /* Classes */ = {
			isa = PBXGroup;
			children = (
				2D271A9A1ABE1B9400A71464 /* Common */,
				2DC51D161AD4D0F900B9FA1F /* ViewControllers */,
			);
			name = Classes;
			sourceTree = "<group>";
		};
		2D271A9A1ABE1B9400A71464 /* Common */ = {
			isa = PBXGroup;
			children = (
				2D271A9B1ABE25C900A71464 /* PDNavigationController.h */,
				2D271A9C1ABE25C900A71464 /* PDNavigationController.m */,
				2D8DADE41AD888790047AECE /* Cell */,
				2DBEBCB21AD70DAC00123DB5 /* Drawer */,
			);
			name = Common;
			sourceTree = "<group>";
		};
		2D29213E1ADA49ED00D622EC /* Release */ = {
			isa = PBXGroup;
			children = (
				2D29213B1ADA49E800D622EC /* PDReleaseViewController.h */,
				2D29213C1ADA49E800D622EC /* PDReleaseViewController.m */,
			);
			name = Release;
			sourceTree = "<group>";
		};
		2D2921421ADA4C7E00D622EC /* Sports */ = {
			isa = PBXGroup;
			children = (
				2D29213F1ADA4C7100D622EC /* PDSportsViewController.h */,
				2D2921401ADA4C7100D622EC /* PDSportsViewController.m */,
			);
			name = Sports;
			sourceTree = "<group>";
		};
		2D345C061AD9E5D300308866 /* Opinion */ = {
			isa = PBXGroup;
			children = (
				2D5E8E1F1AD9F2AE00FB533F /* PDOpinionViewController.h */,
				2D5E8E201AD9F2AE00FB533F /* PDOpinionViewController.m */,
				2D5E8E221AD9F32500FB533F /* PDOpinionDetailViewController.h */,
				2D5E8E231AD9F32500FB533F /* PDOpinionDetailViewController.m */,
			);
			name = Opinion;
			sourceTree = "<group>";
		};
		2D345C071AD9E5DC00308866 /* News */ = {
			isa = PBXGroup;
			children = (
				2DC51D241AD4ECA800B9FA1F /* PDNewsViewController.h */,
				2DC51D251AD4ECA800B9FA1F /* PDNewsViewController.m */,
				2D345C031AD9E5C700308866 /* PDNewsDetailViewController.h */,
				2D345C041AD9E5C700308866 /* PDNewsDetailViewController.m */,
			);
			name = News;
			sourceTree = "<group>";
		};
		2D8DADE41AD888790047AECE /* Cell */ = {
			isa = PBXGroup;
			children = (
				2D8DADF51AD8E2E70047AECE /* PDFeedTableViewCell.h */,
				2D8DADF61AD8E2E70047AECE /* PDFeedTableViewCell.m */,
				2D8DADEB1AD8B7440047AECE /* PDDrawerMenuCell.h */,
				2D8DADEC1AD8B7440047AECE /* PDDrawerMenuCell.m */,
			);
			name = Cell;
			sourceTree = "<group>";
		};
		2DBEBCB21AD70DAC00123DB5 /* Drawer */ = {
			isa = PBXGroup;
			children = (
				2D2921351ADA154500D622EC /* PDDrawerViewController.h */,
				2D2921361ADA154500D622EC /* PDDrawerViewController.m */,
			);
			name = Drawer;
			sourceTree = "<group>";
		};
		2DC51D161AD4D0F900B9FA1F /* ViewControllers */ = {
			isa = PBXGroup;
			children = (
				2D345C071AD9E5DC00308866 /* News */,
				2D345C061AD9E5D300308866 /* Opinion */,
				2D29213E1ADA49ED00D622EC /* Release */,
				2D2921421ADA4C7E00D622EC /* Sports */,
			);
			name = ViewControllers;
			sourceTree = "<group>";
		};
		2DC51D171AD4D2D100B9FA1F /* Resources */ = {
			isa = PBXGroup;
			children = (
				2D345BFF1AD9E56F00308866 /* detail.png */,
				2D345C001AD9E56F00308866 /* detail@2x.png */,
				2DBEBCBE1AD7314000123DB5 /* menu.png */,
				2DBEBCBF1AD7314000123DB5 /* menu@2x.png */,
				2DBEBCAD1AD70B7100123DB5 /* BG.png */,
				2DC51D331AD5B58200B9FA1F /* Front View Swipe Left.png */,
				2DC51D341AD5B58200B9FA1F /* Front View Swipe Left@2x.png */,
				2DC51D351AD5B58200B9FA1F /* Front View.png */,
				2DC51D361AD5B58200B9FA1F /* Front View@2x.png */,
				2DC51D371AD5B58200B9FA1F /* Front View@3x.png */,
			);
			name = Resources;
			path = ..;
			sourceTree = "<group>";
		};
		7931DE257A76F74859FB3B5E /* Pods */ = {
			isa = PBXGroup;
			children = (
				774EED6B9BEC8E099AFBF156 /* Pods-PipeDream.debug.xcconfig */,
				1DBB73B3EFDBCEBB106DF89E /* Pods-PipeDream.release.xcconfig */,
			);
			name = Pods;
			sourceTree = "<group>";
		};
		794F173DADAE86E716A67057 /* Frameworks */ = {
			isa = PBXGroup;
			children = (
				2D2921331ADA148A00D622EC /* JVFloatingDrawer.framework */,
				42B9D5B4C476E3BFECB988FE /* Pods_PipeDream.framework */,
			);
			name = Frameworks;
			sourceTree = "<group>";
		};
/* End PBXGroup section */

/* Begin PBXNativeTarget section */
		2D271A681ABE1AE300A71464 /* PipeDream */ = {
			isa = PBXNativeTarget;
			buildConfigurationList = 2D271A8F1ABE1AE400A71464 /* Build configuration list for PBXNativeTarget "PipeDream" */;
			buildPhases = (
				79E1597D1B55E73377686FB0 /* Check Pods Manifest.lock */,
				2D271A651ABE1AE300A71464 /* Sources */,
				2D271A661ABE1AE300A71464 /* Frameworks */,
				2D271A671ABE1AE300A71464 /* Resources */,
				E945EC40D7B6FFF6E411B530 /* Embed Pods Frameworks */,
				1D350AC411592F23B47CB64B /* Copy Pods Resources */,
			);
			buildRules = (
			);
			dependencies = (
			);
			name = PipeDream;
			productName = PipeDream;
			productReference = 2D271A691ABE1AE300A71464 /* PipeDream.app */;
			productType = "com.apple.product-type.application";
		};
		2D271A841ABE1AE400A71464 /* PipeDreamTests */ = {
			isa = PBXNativeTarget;
			buildConfigurationList = 2D271A921ABE1AE400A71464 /* Build configuration list for PBXNativeTarget "PipeDreamTests" */;
			buildPhases = (
				2D271A811ABE1AE400A71464 /* Sources */,
				2D271A821ABE1AE400A71464 /* Frameworks */,
				2D271A831ABE1AE400A71464 /* Resources */,
			);
			buildRules = (
			);
			dependencies = (
				2D271A871ABE1AE400A71464 /* PBXTargetDependency */,
			);
			name = PipeDreamTests;
			productName = PipeDreamTests;
			productReference = 2D271A851ABE1AE400A71464 /* PipeDreamTests.xctest */;
			productType = "com.apple.product-type.bundle.unit-test";
		};
/* End PBXNativeTarget section */

/* Begin PBXProject section */
		2D271A611ABE1AE300A71464 /* Project object */ = {
			isa = PBXProject;
			attributes = {
				LastUpgradeCheck = 0620;
				ORGANIZATIONNAME = "elif ece arslan";
				TargetAttributes = {
					2D271A681ABE1AE300A71464 = {
						CreatedOnToolsVersion = 6.2;
					};
					2D271A841ABE1AE400A71464 = {
						CreatedOnToolsVersion = 6.2;
						TestTargetID = 2D271A681ABE1AE300A71464;
					};
				};
			};
			buildConfigurationList = 2D271A641ABE1AE300A71464 /* Build configuration list for PBXProject "PipeDream" */;
			compatibilityVersion = "Xcode 3.2";
			developmentRegion = English;
			hasScannedForEncodings = 0;
			knownRegions = (
				en,
				Base,
			);
			mainGroup = 2D271A601ABE1AE300A71464;
			productRefGroup = 2D271A6A1ABE1AE300A71464 /* Products */;
			projectDirPath = "";
			projectRoot = "";
			targets = (
				2D271A681ABE1AE300A71464 /* PipeDream */,
				2D271A841ABE1AE400A71464 /* PipeDreamTests */,
			);
		};
/* End PBXProject section */

/* Begin PBXResourcesBuildPhase section */
		2D271A671ABE1AE300A71464 /* Resources */ = {
			isa = PBXResourcesBuildPhase;
			buildActionMask = 2147483647;
			files = (
				2DBEBCC11AD7314000123DB5 /* menu@2x.png in Resources */,
				2D271A7B1ABE1AE300A71464 /* Main.storyboard in Resources */,
				2DC51D3B1AD5B58200B9FA1F /* Front View@2x.png in Resources */,
				2DC51D3A1AD5B58200B9FA1F /* Front View.png in Resources */,
				2DC51D3C1AD5B58200B9FA1F /* Front View@3x.png in Resources */,
				2DC51D391AD5B58200B9FA1F /* Front View Swipe Left@2x.png in Resources */,
				2DBEBCAE1AD70B7100123DB5 /* BG.png in Resources */,
				2D345C021AD9E56F00308866 /* detail@2x.png in Resources */,
				2DBEBCC01AD7314000123DB5 /* menu.png in Resources */,
				2D345C011AD9E56F00308866 /* detail.png in Resources */,
				2D271A801ABE1AE300A71464 /* LaunchScreen.xib in Resources */,
				2D271A7D1ABE1AE300A71464 /* Images.xcassets in Resources */,
				2DC51D381AD5B58200B9FA1F /* Front View Swipe Left.png in Resources */,
			);
			runOnlyForDeploymentPostprocessing = 0;
		};
		2D271A831ABE1AE400A71464 /* Resources */ = {
			isa = PBXResourcesBuildPhase;
			buildActionMask = 2147483647;
			files = (
			);
			runOnlyForDeploymentPostprocessing = 0;
		};
/* End PBXResourcesBuildPhase section */

/* Begin PBXShellScriptBuildPhase section */
		1D350AC411592F23B47CB64B /* Copy Pods Resources */ = {
			isa = PBXShellScriptBuildPhase;
			buildActionMask = 2147483647;
			files = (
			);
			inputPaths = (
			);
			name = "Copy Pods Resources";
			outputPaths = (
			);
			runOnlyForDeploymentPostprocessing = 0;
			shellPath = /bin/sh;
			shellScript = "\"${SRCROOT}/Pods/Target Support Files/Pods-PipeDream/Pods-PipeDream-resources.sh\"\n";
			showEnvVarsInLog = 0;
		};
		79E1597D1B55E73377686FB0 /* Check Pods Manifest.lock */ = {
			isa = PBXShellScriptBuildPhase;
			buildActionMask = 2147483647;
			files = (
			);
			inputPaths = (
			);
			name = "Check Pods Manifest.lock";
			outputPaths = (
			);
			runOnlyForDeploymentPostprocessing = 0;
			shellPath = /bin/sh;
			shellScript = "diff \"${PODS_ROOT}/../Podfile.lock\" \"${PODS_ROOT}/Manifest.lock\" > /dev/null\nif [[ $? != 0 ]] ; then\n    cat << EOM\nerror: The sandbox is not in sync with the Podfile.lock. Run 'pod install' or update your CocoaPods installation.\nEOM\n    exit 1\nfi\n";
			showEnvVarsInLog = 0;
		};
		E945EC40D7B6FFF6E411B530 /* Embed Pods Frameworks */ = {
			isa = PBXShellScriptBuildPhase;
			buildActionMask = 2147483647;
			files = (
			);
			inputPaths = (
			);
			name = "Embed Pods Frameworks";
			outputPaths = (
			);
			runOnlyForDeploymentPostprocessing = 0;
			shellPath = /bin/sh;
			shellScript = "\"${SRCROOT}/Pods/Target Support Files/Pods-PipeDream/Pods-PipeDream-frameworks.sh\"\n";
			showEnvVarsInLog = 0;
		};
/* End PBXShellScriptBuildPhase section */

/* Begin PBXSourcesBuildPhase section */
		2D271A651ABE1AE300A71464 /* Sources */ = {
			isa = PBXSourcesBuildPhase;
			buildActionMask = 2147483647;
			files = (
				2D2921411ADA4C7100D622EC /* PDSportsViewController.m in Sources */,
				2D29213D1ADA49E800D622EC /* PDReleaseViewController.m in Sources */,
				2D271A751ABE1AE300A71464 /* PipeDream.xcdatamodeld in Sources */,
				2D8DADED1AD8B7440047AECE /* PDDrawerMenuCell.m in Sources */,
				2D5E8E241AD9F32500FB533F /* PDOpinionDetailViewController.m in Sources */,
				2DC51D261AD4ECA800B9FA1F /* PDNewsViewController.m in Sources */,
				2D271A721ABE1AE300A71464 /* AppDelegate.m in Sources */,
				2D8DADF71AD8E2E70047AECE /* PDFeedTableViewCell.m in Sources */,
				2D345C051AD9E5C700308866 /* PDNewsDetailViewController.m in Sources */,
				2D5E8E211AD9F2AE00FB533F /* PDOpinionViewController.m in Sources */,
				2D2921371ADA154500D622EC /* PDDrawerViewController.m in Sources */,
				2D271A9D1ABE25C900A71464 /* PDNavigationController.m in Sources */,
				2D271A6F1ABE1AE300A71464 /* main.m in Sources */,
			);
			runOnlyForDeploymentPostprocessing = 0;
		};
		2D271A811ABE1AE400A71464 /* Sources */ = {
			isa = PBXSourcesBuildPhase;
			buildActionMask = 2147483647;
			files = (
				2D271A8C1ABE1AE400A71464 /* PipeDreamTests.m in Sources */,
			);
			runOnlyForDeploymentPostprocessing = 0;
		};
/* End PBXSourcesBuildPhase section */

/* Begin PBXTargetDependency section */
		2D271A871ABE1AE400A71464 /* PBXTargetDependency */ = {
			isa = PBXTargetDependency;
			target = 2D271A681ABE1AE300A71464 /* PipeDream */;
			targetProxy = 2D271A861ABE1AE400A71464 /* PBXContainerItemProxy */;
		};
/* End PBXTargetDependency section */

/* Begin PBXVariantGroup section */
		2D271A791ABE1AE300A71464 /* Main.storyboard */ = {
			isa = PBXVariantGroup;
			children = (
				2D271A7A1ABE1AE300A71464 /* Base */,
			);
			name = Main.storyboard;
			sourceTree = "<group>";
		};
		2D271A7E1ABE1AE300A71464 /* LaunchScreen.xib */ = {
			isa = PBXVariantGroup;
			children = (
				2D271A7F1ABE1AE300A71464 /* Base */,
			);
			name = LaunchScreen.xib;
			sourceTree = "<group>";
		};
/* End PBXVariantGroup section */

/* Begin XCBuildConfiguration section */
		2D271A8D1ABE1AE400A71464 /* Debug */ = {
			isa = XCBuildConfiguration;
			buildSettings = {
				ALWAYS_SEARCH_USER_PATHS = NO;
				CLANG_CXX_LANGUAGE_STANDARD = "gnu++0x";
				CLANG_CXX_LIBRARY = "libc++";
				CLANG_ENABLE_MODULES = YES;
				CLANG_ENABLE_OBJC_ARC = YES;
				CLANG_WARN_BOOL_CONVERSION = YES;
				CLANG_WARN_CONSTANT_CONVERSION = YES;
				CLANG_WARN_DIRECT_OBJC_ISA_USAGE = YES_ERROR;
				CLANG_WARN_EMPTY_BODY = YES;
				CLANG_WARN_ENUM_CONVERSION = YES;
				CLANG_WARN_INT_CONVERSION = YES;
				CLANG_WARN_OBJC_ROOT_CLASS = YES_ERROR;
				CLANG_WARN_UNREACHABLE_CODE = YES;
				CLANG_WARN__DUPLICATE_METHOD_MATCH = YES;
				"CODE_SIGN_IDENTITY[sdk=iphoneos*]" = "iPhone Developer";
				COPY_PHASE_STRIP = NO;
				ENABLE_STRICT_OBJC_MSGSEND = YES;
				GCC_C_LANGUAGE_STANDARD = gnu99;
				GCC_DYNAMIC_NO_PIC = NO;
				GCC_OPTIMIZATION_LEVEL = 0;
				GCC_PREPROCESSOR_DEFINITIONS = (
					"DEBUG=1",
					"$(inherited)",
				);
				GCC_SYMBOLS_PRIVATE_EXTERN = NO;
				GCC_WARN_64_TO_32_BIT_CONVERSION = YES;
				GCC_WARN_ABOUT_RETURN_TYPE = YES_ERROR;
				GCC_WARN_UNDECLARED_SELECTOR = YES;
				GCC_WARN_UNINITIALIZED_AUTOS = YES_AGGRESSIVE;
				GCC_WARN_UNUSED_FUNCTION = YES;
				GCC_WARN_UNUSED_VARIABLE = YES;
				IPHONEOS_DEPLOYMENT_TARGET = 8.2;
				MTL_ENABLE_DEBUG_INFO = YES;
				ONLY_ACTIVE_ARCH = YES;
				SDKROOT = iphoneos;
				SUPPORTED_PLATFORMS = "iphonesimulator iphoneos";
				TARGETED_DEVICE_FAMILY = "1,2";
			};
			name = Debug;
		};
		2D271A8E1ABE1AE400A71464 /* Release */ = {
			isa = XCBuildConfiguration;
			buildSettings = {
				ALWAYS_SEARCH_USER_PATHS = NO;
				CLANG_CXX_LANGUAGE_STANDARD = "gnu++0x";
				CLANG_CXX_LIBRARY = "libc++";
				CLANG_ENABLE_MODULES = YES;
				CLANG_ENABLE_OBJC_ARC = YES;
				CLANG_WARN_BOOL_CONVERSION = YES;
				CLANG_WARN_CONSTANT_CONVERSION = YES;
				CLANG_WARN_DIRECT_OBJC_ISA_USAGE = YES_ERROR;
				CLANG_WARN_EMPTY_BODY = YES;
				CLANG_WARN_ENUM_CONVERSION = YES;
				CLANG_WARN_INT_CONVERSION = YES;
				CLANG_WARN_OBJC_ROOT_CLASS = YES_ERROR;
				CLANG_WARN_UNREACHABLE_CODE = YES;
				CLANG_WARN__DUPLICATE_METHOD_MATCH = YES;
				"CODE_SIGN_IDENTITY[sdk=iphoneos*]" = "iPhone Developer";
				COPY_PHASE_STRIP = NO;
				ENABLE_NS_ASSERTIONS = NO;
				ENABLE_STRICT_OBJC_MSGSEND = YES;
				GCC_C_LANGUAGE_STANDARD = gnu99;
				GCC_WARN_64_TO_32_BIT_CONVERSION = YES;
				GCC_WARN_ABOUT_RETURN_TYPE = YES_ERROR;
				GCC_WARN_UNDECLARED_SELECTOR = YES;
				GCC_WARN_UNINITIALIZED_AUTOS = YES_AGGRESSIVE;
				GCC_WARN_UNUSED_FUNCTION = YES;
				GCC_WARN_UNUSED_VARIABLE = YES;
				IPHONEOS_DEPLOYMENT_TARGET = 8.2;
				MTL_ENABLE_DEBUG_INFO = NO;
				SDKROOT = iphoneos;
				SUPPORTED_PLATFORMS = "iphonesimulator iphoneos";
				TARGETED_DEVICE_FAMILY = "1,2";
				VALIDATE_PRODUCT = YES;
			};
			name = Release;
		};
		2D271A901ABE1AE400A71464 /* Debug */ = {
			isa = XCBuildConfiguration;
			baseConfigurationReference = 774EED6B9BEC8E099AFBF156 /* Pods-PipeDream.debug.xcconfig */;
			buildSettings = {
				ASSETCATALOG_COMPILER_APPICON_NAME = AppIcon;
				FRAMEWORK_SEARCH_PATHS = (
					"$(inherited)",
					"$(PROJECT_DIR)/build/Debug-iphoneos/Pods-PipeDream",
				);
				INFOPLIST_FILE = PipeDream/Info.plist;
				LD_RUNPATH_SEARCH_PATHS = "$(inherited) @executable_path/Frameworks";
				PRODUCT_NAME = "$(TARGET_NAME)";
			};
			name = Debug;
		};
		2D271A911ABE1AE400A71464 /* Release */ = {
			isa = XCBuildConfiguration;
			baseConfigurationReference = 1DBB73B3EFDBCEBB106DF89E /* Pods-PipeDream.release.xcconfig */;
			buildSettings = {
				ASSETCATALOG_COMPILER_APPICON_NAME = AppIcon;
				FRAMEWORK_SEARCH_PATHS = (
					"$(inherited)",
					"$(PROJECT_DIR)/build/Debug-iphoneos/Pods-PipeDream",
				);
				INFOPLIST_FILE = PipeDream/Info.plist;
				LD_RUNPATH_SEARCH_PATHS = "$(inherited) @executable_path/Frameworks";
				PRODUCT_NAME = "$(TARGET_NAME)";
			};
			name = Release;
		};
		2D271A931ABE1AE400A71464 /* Debug */ = {
			isa = XCBuildConfiguration;
			buildSettings = {
				BUNDLE_LOADER = "$(TEST_HOST)";
				FRAMEWORK_SEARCH_PATHS = (
					"$(SDKROOT)/Developer/Library/Frameworks",
					"$(inherited)",
				);
				GCC_PREPROCESSOR_DEFINITIONS = (
					"DEBUG=1",
					"$(inherited)",
				);
				INFOPLIST_FILE = PipeDreamTests/Info.plist;
				LD_RUNPATH_SEARCH_PATHS = "$(inherited) @executable_path/Frameworks @loader_path/Frameworks";
				PRODUCT_NAME = "$(TARGET_NAME)";
				TEST_HOST = "$(BUILT_PRODUCTS_DIR)/PipeDream.app/PipeDream";
			};
			name = Debug;
		};
		2D271A941ABE1AE400A71464 /* Release */ = {
			isa = XCBuildConfiguration;
			buildSettings = {
				BUNDLE_LOADER = "$(TEST_HOST)";
				FRAMEWORK_SEARCH_PATHS = (
					"$(SDKROOT)/Developer/Library/Frameworks",
					"$(inherited)",
				);
				INFOPLIST_FILE = PipeDreamTests/Info.plist;
				LD_RUNPATH_SEARCH_PATHS = "$(inherited) @executable_path/Frameworks @loader_path/Frameworks";
				PRODUCT_NAME = "$(TARGET_NAME)";
				TEST_HOST = "$(BUILT_PRODUCTS_DIR)/PipeDream.app/PipeDream";
			};
			name = Release;
		};
/* End XCBuildConfiguration section */

/* Begin XCConfigurationList section */
		2D271A641ABE1AE300A71464 /* Build configuration list for PBXProject "PipeDream" */ = {
			isa = XCConfigurationList;
			buildConfigurations = (
				2D271A8D1ABE1AE400A71464 /* Debug */,
				2D271A8E1ABE1AE400A71464 /* Release */,
			);
			defaultConfigurationIsVisible = 0;
			defaultConfigurationName = Release;
		};
		2D271A8F1ABE1AE400A71464 /* Build configuration list for PBXNativeTarget "PipeDream" */ = {
			isa = XCConfigurationList;
			buildConfigurations = (
				2D271A901ABE1AE400A71464 /* Debug */,
				2D271A911ABE1AE400A71464 /* Release */,
			);
			defaultConfigurationIsVisible = 0;
			defaultConfigurationName = Release;
		};
		2D271A921ABE1AE400A71464 /* Build configuration list for PBXNativeTarget "PipeDreamTests" */ = {
			isa = XCConfigurationList;
			buildConfigurations = (
				2D271A931ABE1AE400A71464 /* Debug */,
				2D271A941ABE1AE400A71464 /* Release */,
			);
			defaultConfigurationIsVisible = 0;
			defaultConfigurationName = Release;
		};
/* End XCConfigurationList section */

/* Begin XCVersionGroup section */
		2D271A731ABE1AE300A71464 /* PipeDream.xcdatamodeld */ = {
			isa = XCVersionGroup;
			children = (
				2D271A741ABE1AE300A71464 /* PipeDream.xcdatamodel */,
			);
			currentVersion = 2D271A741ABE1AE300A71464 /* PipeDream.xcdatamodel */;
			path = PipeDream.xcdatamodeld;
			sourceTree = "<group>";
			versionGroupType = wrapper.xcdatamodel;
		};
/* End XCVersionGroup section */
	};
	rootObject = 2D271A611ABE1AE300A71464 /* Project object */;
}
