// !$*UTF8*$!
{
	archiveVersion = 1;
	classes = {
	};
	objectVersion = 46;
	objects = {

/* Begin PBXBuildFile section */
		2BA09AD91AE833070084C258 /* NSString+HTML.m in Sources */ = {isa = PBXBuildFile; fileRef = 2BA09AD81AE833070084C258 /* NSString+HTML.m */; };
		2D271A6F1ABE1AE300A71464 /* main.m in Sources */ = {isa = PBXBuildFile; fileRef = 2D271A6E1ABE1AE300A71464 /* main.m */; };
		2D271A721ABE1AE300A71464 /* AppDelegate.m in Sources */ = {isa = PBXBuildFile; fileRef = 2D271A711ABE1AE300A71464 /* AppDelegate.m */; };
		2D271A751ABE1AE300A71464 /* PipeDream.xcdatamodeld in Sources */ = {isa = PBXBuildFile; fileRef = 2D271A731ABE1AE300A71464 /* PipeDream.xcdatamodeld */; };
		2D271A7B1ABE1AE300A71464 /* Main.storyboard in Resources */ = {isa = PBXBuildFile; fileRef = 2D271A791ABE1AE300A71464 /* Main.storyboard */; };
		2D271A7D1ABE1AE300A71464 /* Images.xcassets in Resources */ = {isa = PBXBuildFile; fileRef = 2D271A7C1ABE1AE300A71464 /* Images.xcassets */; };
		2D271A801ABE1AE300A71464 /* LaunchScreen.xib in Resources */ = {isa = PBXBuildFile; fileRef = 2D271A7E1ABE1AE300A71464 /* LaunchScreen.xib */; };
		2D271A8C1ABE1AE400A71464 /* PipeDreamTests.m in Sources */ = {isa = PBXBuildFile; fileRef = 2D271A8B1ABE1AE400A71464 /* PipeDreamTests.m */; };
		2D271A9D1ABE25C900A71464 /* PDNavigationController.m in Sources */ = {isa = PBXBuildFile; fileRef = 2D271A9C1ABE25C900A71464 /* PDNavigationController.m */; };
		2D2921371ADA154500D622EC /* PDDrawerViewController.m in Sources */ = {isa = PBXBuildFile; fileRef = 2D2921361ADA154500D622EC /* PDDrawerViewController.m */; };
		2D29213D1ADA49E800D622EC /* PDReleaseViewController.m in Sources */ = {isa = PBXBuildFile; fileRef = 2D29213C1ADA49E800D622EC /* PDReleaseViewController.m */; };
		2D2921411ADA4C7100D622EC /* PDSportsViewController.m in Sources */ = {isa = PBXBuildFile; fileRef = 2D2921401ADA4C7100D622EC /* PDSportsViewController.m */; };
		2D2921451ADA585100D622EC /* PDReleaseDetailViewController.m in Sources */ = {isa = PBXBuildFile; fileRef = 2D2921441ADA585100D622EC /* PDReleaseDetailViewController.m */; };
		2D2921481ADA586E00D622EC /* PDSportsDetailViewController.m in Sources */ = {isa = PBXBuildFile; fileRef = 2D2921471ADA586E00D622EC /* PDSportsDetailViewController.m */; };
		2D345C011AD9E56F00308866 /* detail.png in Resources */ = {isa = PBXBuildFile; fileRef = 2D345BFF1AD9E56F00308866 /* detail.png */; };
		2D345C021AD9E56F00308866 /* detail@2x.png in Resources */ = {isa = PBXBuildFile; fileRef = 2D345C001AD9E56F00308866 /* detail@2x.png */; };
		2D345C051AD9E5C700308866 /* PDNewsDetailViewController.m in Sources */ = {isa = PBXBuildFile; fileRef = 2D345C041AD9E5C700308866 /* PDNewsDetailViewController.m */; };
		2D3F85E91ADDF8F300A040E1 /* MobileCoreServices.framework in Frameworks */ = {isa = PBXBuildFile; fileRef = 2D3F85E81ADDF8F300A040E1 /* MobileCoreServices.framework */; };
		2D3F85EB1ADDF8FC00A040E1 /* CoreLocation.framework in Frameworks */ = {isa = PBXBuildFile; fileRef = 2D3F85EA1ADDF8FC00A040E1 /* CoreLocation.framework */; };
		2D3F85ED1ADDF90800A040E1 /* SystemConfiguration.framework in Frameworks */ = {isa = PBXBuildFile; fileRef = 2D3F85EC1ADDF90800A040E1 /* SystemConfiguration.framework */; };
		2D3F85F01ADE080900A040E1 /* QuartzCore.framework in Frameworks */ = {isa = PBXBuildFile; fileRef = 2D3F85EF1ADE080900A040E1 /* QuartzCore.framework */; };
		2D4FC84B1AE827950044ACEF /* PDOpinionTableViewCell.m in Sources */ = {isa = PBXBuildFile; fileRef = 2D4FC84A1AE827950044ACEF /* PDOpinionTableViewCell.m */; };
		2D4FC84E1AE870A90044ACEF /* PDReleaseTableViewCell.m in Sources */ = {isa = PBXBuildFile; fileRef = 2D4FC84D1AE870A90044ACEF /* PDReleaseTableViewCell.m */; };
		2D4FC8511AE890970044ACEF /* PDSportsTableViewCell.m in Sources */ = {isa = PBXBuildFile; fileRef = 2D4FC8501AE890970044ACEF /* PDSportsTableViewCell.m */; };
		2D4FC8541AE8A2430044ACEF /* PDRecentViewController.m in Sources */ = {isa = PBXBuildFile; fileRef = 2D4FC8531AE8A2430044ACEF /* PDRecentViewController.m */; };
		2D4FC85D1AE8B0FF0044ACEF /* Fonts in Resources */ = {isa = PBXBuildFile; fileRef = 2D4FC85C1AE8B0FF0044ACEF /* Fonts */; };
		2D4FC8601AE8B4A20044ACEF /* PDContactViewController.m in Sources */ = {isa = PBXBuildFile; fileRef = 2D4FC85F1AE8B4A20044ACEF /* PDContactViewController.m */; };
		2D4FC8631AE8BB620044ACEF /* MapKit.framework in Frameworks */ = {isa = PBXBuildFile; fileRef = 2D4FC8621AE8BB620044ACEF /* MapKit.framework */; };
		2D4FC8651AE8C8000044ACEF /* SafariServices.framework in Frameworks */ = {isa = PBXBuildFile; fileRef = 2D4FC8641AE8C8000044ACEF /* SafariServices.framework */; };
		2D5D94151ADCBC620068DB3E /* Article.m in Sources */ = {isa = PBXBuildFile; fileRef = 2D5D940A1ADCBC620068DB3E /* Article.m */; };
		2D5D94161ADCBC620068DB3E /* ArticleCategory.m in Sources */ = {isa = PBXBuildFile; fileRef = 2D5D940C1ADCBC620068DB3E /* ArticleCategory.m */; };
		2D5D94171ADCBC620068DB3E /* Attachments.m in Sources */ = {isa = PBXBuildFile; fileRef = 2D5D940E1ADCBC620068DB3E /* Attachments.m */; };
		2D5D941F1ADCBD7E0068DB3E /* PDNetworkClient.m in Sources */ = {isa = PBXBuildFile; fileRef = 2D5D941E1ADCBD7E0068DB3E /* PDNetworkClient.m */; };
		2D5D94221ADCBEAB0068DB3E /* PDSingleton.m in Sources */ = {isa = PBXBuildFile; fileRef = 2D5D94211ADCBEAB0068DB3E /* PDSingleton.m */; };
		2D5E8E211AD9F2AE00FB533F /* PDOpinionViewController.m in Sources */ = {isa = PBXBuildFile; fileRef = 2D5E8E201AD9F2AE00FB533F /* PDOpinionViewController.m */; };
		2D5E8E241AD9F32500FB533F /* PDOpinionDetailViewController.m in Sources */ = {isa = PBXBuildFile; fileRef = 2D5E8E231AD9F32500FB533F /* PDOpinionDetailViewController.m */; };
		2D5FDB321AEA1046004187BB /* libPods-PipeDream-FLKAutoLayout.a in Frameworks */ = {isa = PBXBuildFile; fileRef = 2D5FDB2C1AEA1046004187BB /* libPods-PipeDream-FLKAutoLayout.a */; };
		2D5FDB331AEA1046004187BB /* libPods-PipeDream-FontAwesomeIconFactory.a in Frameworks */ = {isa = PBXBuildFile; fileRef = 2D5FDB2D1AEA1046004187BB /* libPods-PipeDream-FontAwesomeIconFactory.a */; };
		2D5FDB351AEA1046004187BB /* libPods-PipeDream-Mantle.a in Frameworks */ = {isa = PBXBuildFile; fileRef = 2D5FDB2F1AEA1046004187BB /* libPods-PipeDream-Mantle.a */; };
		2D5FDB361AEA1046004187BB /* libPods-PipeDream-ORStackView.a in Frameworks */ = {isa = PBXBuildFile; fileRef = 2D5FDB301AEA1046004187BB /* libPods-PipeDream-ORStackView.a */; };
		2D5FDB381AEA1230004187BB /* libPods-PipeDream-AFNetworking.a in Frameworks */ = {isa = PBXBuildFile; fileRef = 2D5FDB371AEA1230004187BB /* libPods-PipeDream-AFNetworking.a */; };
		2D5FDB3A1AEA1336004187BB /* libPods-PipeDream-JVFloatingDrawer.a in Frameworks */ = {isa = PBXBuildFile; fileRef = 2D5FDB391AEA1336004187BB /* libPods-PipeDream-JVFloatingDrawer.a */; };
		2D5FDB431AEAEB68004187BB /* libPods-PipeDream-Bolts.a in Frameworks */ = {isa = PBXBuildFile; fileRef = 2D5FDB411AEAEB68004187BB /* libPods-PipeDream-Bolts.a */; };
		2D5FDB441AEAEB68004187BB /* libPods-PipeDream-Facebook-iOS-SDK.a in Frameworks */ = {isa = PBXBuildFile; fileRef = 2D5FDB421AEAEB68004187BB /* libPods-PipeDream-Facebook-iOS-SDK.a */; };
		2D5FDB491AEB1769004187BB /* PDShareButton.m in Sources */ = {isa = PBXBuildFile; fileRef = 2D5FDB481AEB1769004187BB /* PDShareButton.m */; };
		2D5FDB5F1AEB6157004187BB /* KLCPopup.m in Sources */ = {isa = PBXBuildFile; fileRef = 2D5FDB5E1AEB6157004187BB /* KLCPopup.m */; };
		2D7A30A71ADF37B700A6055C /* PDNewsTableviewCell.m in Sources */ = {isa = PBXBuildFile; fileRef = 2D7A30A61ADF37B700A6055C /* PDNewsTableviewCell.m */; };
		2D7A30AB1ADFF4DA00A6055C /* RequestOperationConfig.m in Sources */ = {isa = PBXBuildFile; fileRef = 2D7A30AA1ADFF4DA00A6055C /* RequestOperationConfig.m */; };
		2D85F5121AE8CA0D00A0C832 /* Accounts.framework in Frameworks */ = {isa = PBXBuildFile; fileRef = 2D85F5111AE8CA0D00A0C832 /* Accounts.framework */; };
		2D8DADED1AD8B7440047AECE /* PDDrawerMenuCell.m in Sources */ = {isa = PBXBuildFile; fileRef = 2D8DADEC1AD8B7440047AECE /* PDDrawerMenuCell.m */; };
		2D8DADF71AD8E2E70047AECE /* PDFeedTableViewCell.m in Sources */ = {isa = PBXBuildFile; fileRef = 2D8DADF61AD8E2E70047AECE /* PDFeedTableViewCell.m */; };
		2D9ABD461AEDE2B100EA37EB /* PDArticleContentView.m in Sources */ = {isa = PBXBuildFile; fileRef = 2D9ABD451AEDE2B100EA37EB /* PDArticleContentView.m */; };
		2D9ABD491AEDF33400EA37EB /* PDContentViewController.m in Sources */ = {isa = PBXBuildFile; fileRef = 2D9ABD481AEDF33400EA37EB /* PDContentViewController.m */; };
		2DBEBCAE1AD70B7100123DB5 /* BG.png in Resources */ = {isa = PBXBuildFile; fileRef = 2DBEBCAD1AD70B7100123DB5 /* BG.png */; };
		2DBEBCC01AD7314000123DB5 /* menu.png in Resources */ = {isa = PBXBuildFile; fileRef = 2DBEBCBE1AD7314000123DB5 /* menu.png */; };
		2DBEBCC11AD7314000123DB5 /* menu@2x.png in Resources */ = {isa = PBXBuildFile; fileRef = 2DBEBCBF1AD7314000123DB5 /* menu@2x.png */; };
		2DC51D261AD4ECA800B9FA1F /* PDNewsViewController.m in Sources */ = {isa = PBXBuildFile; fileRef = 2DC51D251AD4ECA800B9FA1F /* PDNewsViewController.m */; };
		2DC51D381AD5B58200B9FA1F /* Front View Swipe Left.png in Resources */ = {isa = PBXBuildFile; fileRef = 2DC51D331AD5B58200B9FA1F /* Front View Swipe Left.png */; };
		2DC51D391AD5B58200B9FA1F /* Front View Swipe Left@2x.png in Resources */ = {isa = PBXBuildFile; fileRef = 2DC51D341AD5B58200B9FA1F /* Front View Swipe Left@2x.png */; };
		2DC51D3A1AD5B58200B9FA1F /* Front View.png in Resources */ = {isa = PBXBuildFile; fileRef = 2DC51D351AD5B58200B9FA1F /* Front View.png */; };
		2DC51D3B1AD5B58200B9FA1F /* Front View@2x.png in Resources */ = {isa = PBXBuildFile; fileRef = 2DC51D361AD5B58200B9FA1F /* Front View@2x.png */; };
		2DC51D3C1AD5B58200B9FA1F /* Front View@3x.png in Resources */ = {isa = PBXBuildFile; fileRef = 2DC51D371AD5B58200B9FA1F /* Front View@3x.png */; };
		2DD575961AEDC61D0052CD01 /* PDRecentTableViewCell.m in Sources */ = {isa = PBXBuildFile; fileRef = 2DD575951AEDC61D0052CD01 /* PDRecentTableViewCell.m */; };
		2DEED4101ADE0997005A56D4 /* NetworkExtension.framework in Frameworks */ = {isa = PBXBuildFile; fileRef = 2DEED40D1ADE0997005A56D4 /* NetworkExtension.framework */; };
		2DEED4111ADE0997005A56D4 /* Twitter.framework in Frameworks */ = {isa = PBXBuildFile; fileRef = 2DEED40E1ADE0997005A56D4 /* Twitter.framework */; };
		2DEED4121ADE0997005A56D4 /* WebKit.framework in Frameworks */ = {isa = PBXBuildFile; fileRef = 2DEED40F1ADE0997005A56D4 /* WebKit.framework */; };
		2DEED4141ADE0AA2005A56D4 /* UIKit.framework in Frameworks */ = {isa = PBXBuildFile; fileRef = 2DEED4131ADE0AA2005A56D4 /* UIKit.framework */; };
		2DF06BF21AEB744600C03D09 /* PDShareUtility.m in Sources */ = {isa = PBXBuildFile; fileRef = 2DF06BF11AEB744600C03D09 /* PDShareUtility.m */; };
		2DF06BF51AECA6DC00C03D09 /* PDFeedTableViewController.m in Sources */ = {isa = PBXBuildFile; fileRef = 2DF06BF41AECA6DC00C03D09 /* PDFeedTableViewController.m */; };
		63D8B653419B1EEB0CC8536F /* libPods-PipeDream.a in Frameworks */ = {isa = PBXBuildFile; fileRef = 8839B9FA9C4817179CE28D3F /* libPods-PipeDream.a */; };
/* End PBXBuildFile section */

/* Begin PBXContainerItemProxy section */
		2D271A861ABE1AE400A71464 /* PBXContainerItemProxy */ = {
			isa = PBXContainerItemProxy;
			containerPortal = 2D271A611ABE1AE300A71464 /* Project object */;
			proxyType = 1;
			remoteGlobalIDString = 2D271A681ABE1AE300A71464;
			remoteInfo = PipeDream;
		};
/* End PBXContainerItemProxy section */

/* Begin PBXFileReference section */
		1DBB73B3EFDBCEBB106DF89E /* Pods-PipeDream.release.xcconfig */ = {isa = PBXFileReference; includeInIndex = 1; lastKnownFileType = text.xcconfig; name = "Pods-PipeDream.release.xcconfig"; path = "Pods/Target Support Files/Pods-PipeDream/Pods-PipeDream.release.xcconfig"; sourceTree = "<group>"; };
		2BA09AD41AE82F520084C258 /* NSString_stripHtml.h */ = {isa = PBXFileReference; fileEncoding = 4; lastKnownFileType = sourcecode.c.h; path = NSString_stripHtml.h; sourceTree = "<group>"; };
		2BA09AD51AE82F520084C258 /* NSString_stripHtml.m */ = {isa = PBXFileReference; fileEncoding = 4; lastKnownFileType = sourcecode.c.objc; path = NSString_stripHtml.m; sourceTree = "<group>"; };
		2BA09AD71AE833070084C258 /* NSString+HTML.h */ = {isa = PBXFileReference; fileEncoding = 4; lastKnownFileType = sourcecode.c.h; path = "NSString+HTML.h"; sourceTree = "<group>"; };
		2BA09AD81AE833070084C258 /* NSString+HTML.m */ = {isa = PBXFileReference; fileEncoding = 4; lastKnownFileType = sourcecode.c.objc; path = "NSString+HTML.m"; sourceTree = "<group>"; };
		2D271A691ABE1AE300A71464 /* PipeDream.app */ = {isa = PBXFileReference; explicitFileType = wrapper.application; includeInIndex = 0; path = PipeDream.app; sourceTree = BUILT_PRODUCTS_DIR; };
		2D271A6D1ABE1AE300A71464 /* Info.plist */ = {isa = PBXFileReference; lastKnownFileType = text.plist.xml; path = Info.plist; sourceTree = "<group>"; };
		2D271A6E1ABE1AE300A71464 /* main.m */ = {isa = PBXFileReference; lastKnownFileType = sourcecode.c.objc; path = main.m; sourceTree = "<group>"; };
		2D271A701ABE1AE300A71464 /* AppDelegate.h */ = {isa = PBXFileReference; lastKnownFileType = sourcecode.c.h; path = AppDelegate.h; sourceTree = "<group>"; };
		2D271A711ABE1AE300A71464 /* AppDelegate.m */ = {isa = PBXFileReference; lastKnownFileType = sourcecode.c.objc; path = AppDelegate.m; sourceTree = "<group>"; };
		2D271A741ABE1AE300A71464 /* PipeDream.xcdatamodel */ = {isa = PBXFileReference; lastKnownFileType = wrapper.xcdatamodel; path = PipeDream.xcdatamodel; sourceTree = "<group>"; };
		2D271A7A1ABE1AE300A71464 /* Base */ = {isa = PBXFileReference; lastKnownFileType = file.storyboard; name = Base; path = Base.lproj/Main.storyboard; sourceTree = "<group>"; };
		2D271A7C1ABE1AE300A71464 /* Images.xcassets */ = {isa = PBXFileReference; lastKnownFileType = folder.assetcatalog; path = Images.xcassets; sourceTree = "<group>"; };
		2D271A7F1ABE1AE300A71464 /* Base */ = {isa = PBXFileReference; lastKnownFileType = file.xib; name = Base; path = Base.lproj/LaunchScreen.xib; sourceTree = "<group>"; };
		2D271A851ABE1AE400A71464 /* PipeDreamTests.xctest */ = {isa = PBXFileReference; explicitFileType = wrapper.cfbundle; includeInIndex = 0; path = PipeDreamTests.xctest; sourceTree = BUILT_PRODUCTS_DIR; };
		2D271A8A1ABE1AE400A71464 /* Info.plist */ = {isa = PBXFileReference; lastKnownFileType = text.plist.xml; path = Info.plist; sourceTree = "<group>"; };
		2D271A8B1ABE1AE400A71464 /* PipeDreamTests.m */ = {isa = PBXFileReference; lastKnownFileType = sourcecode.c.objc; path = PipeDreamTests.m; sourceTree = "<group>"; };
		2D271A9B1ABE25C900A71464 /* PDNavigationController.h */ = {isa = PBXFileReference; fileEncoding = 4; lastKnownFileType = sourcecode.c.h; path = PDNavigationController.h; sourceTree = "<group>"; };
		2D271A9C1ABE25C900A71464 /* PDNavigationController.m */ = {isa = PBXFileReference; fileEncoding = 4; lastKnownFileType = sourcecode.c.objc; path = PDNavigationController.m; sourceTree = "<group>"; };
		2D2921331ADA148A00D622EC /* JVFloatingDrawer.framework */ = {isa = PBXFileReference; lastKnownFileType = wrapper.framework; name = JVFloatingDrawer.framework; path = "Pods/../build/Debug-iphoneos/Pods-PipeDream/JVFloatingDrawer.framework"; sourceTree = "<group>"; };
		2D2921351ADA154500D622EC /* PDDrawerViewController.h */ = {isa = PBXFileReference; fileEncoding = 4; lastKnownFileType = sourcecode.c.h; path = PDDrawerViewController.h; sourceTree = "<group>"; };
		2D2921361ADA154500D622EC /* PDDrawerViewController.m */ = {isa = PBXFileReference; fileEncoding = 4; lastKnownFileType = sourcecode.c.objc; path = PDDrawerViewController.m; sourceTree = "<group>"; };
		2D29213B1ADA49E800D622EC /* PDReleaseViewController.h */ = {isa = PBXFileReference; fileEncoding = 4; lastKnownFileType = sourcecode.c.h; path = PDReleaseViewController.h; sourceTree = "<group>"; };
		2D29213C1ADA49E800D622EC /* PDReleaseViewController.m */ = {isa = PBXFileReference; fileEncoding = 4; lastKnownFileType = sourcecode.c.objc; path = PDReleaseViewController.m; sourceTree = "<group>"; };
		2D29213F1ADA4C7100D622EC /* PDSportsViewController.h */ = {isa = PBXFileReference; fileEncoding = 4; lastKnownFileType = sourcecode.c.h; path = PDSportsViewController.h; sourceTree = "<group>"; };
		2D2921401ADA4C7100D622EC /* PDSportsViewController.m */ = {isa = PBXFileReference; fileEncoding = 4; lastKnownFileType = sourcecode.c.objc; path = PDSportsViewController.m; sourceTree = "<group>"; };
		2D2921431ADA585100D622EC /* PDReleaseDetailViewController.h */ = {isa = PBXFileReference; fileEncoding = 4; lastKnownFileType = sourcecode.c.h; path = PDReleaseDetailViewController.h; sourceTree = "<group>"; };
		2D2921441ADA585100D622EC /* PDReleaseDetailViewController.m */ = {isa = PBXFileReference; fileEncoding = 4; lastKnownFileType = sourcecode.c.objc; path = PDReleaseDetailViewController.m; sourceTree = "<group>"; };
		2D2921461ADA586E00D622EC /* PDSportsDetailViewController.h */ = {isa = PBXFileReference; fileEncoding = 4; lastKnownFileType = sourcecode.c.h; path = PDSportsDetailViewController.h; sourceTree = "<group>"; };
		2D2921471ADA586E00D622EC /* PDSportsDetailViewController.m */ = {isa = PBXFileReference; fileEncoding = 4; lastKnownFileType = sourcecode.c.objc; path = PDSportsDetailViewController.m; sourceTree = "<group>"; };
		2D345BFF1AD9E56F00308866 /* detail.png */ = {isa = PBXFileReference; lastKnownFileType = image.png; path = detail.png; sourceTree = "<group>"; };
		2D345C001AD9E56F00308866 /* detail@2x.png */ = {isa = PBXFileReference; lastKnownFileType = image.png; path = "detail@2x.png"; sourceTree = "<group>"; };
		2D345C031AD9E5C700308866 /* PDNewsDetailViewController.h */ = {isa = PBXFileReference; fileEncoding = 4; lastKnownFileType = sourcecode.c.h; path = PDNewsDetailViewController.h; sourceTree = "<group>"; };
		2D345C041AD9E5C700308866 /* PDNewsDetailViewController.m */ = {isa = PBXFileReference; fileEncoding = 4; lastKnownFileType = sourcecode.c.objc; path = PDNewsDetailViewController.m; sourceTree = "<group>"; };
		2D3F85E81ADDF8F300A040E1 /* MobileCoreServices.framework */ = {isa = PBXFileReference; lastKnownFileType = wrapper.framework; name = MobileCoreServices.framework; path = System/Library/Frameworks/MobileCoreServices.framework; sourceTree = SDKROOT; };
		2D3F85EA1ADDF8FC00A040E1 /* CoreLocation.framework */ = {isa = PBXFileReference; lastKnownFileType = wrapper.framework; name = CoreLocation.framework; path = System/Library/Frameworks/CoreLocation.framework; sourceTree = SDKROOT; };
		2D3F85EC1ADDF90800A040E1 /* SystemConfiguration.framework */ = {isa = PBXFileReference; lastKnownFileType = wrapper.framework; name = SystemConfiguration.framework; path = System/Library/Frameworks/SystemConfiguration.framework; sourceTree = SDKROOT; };
		2D3F85EF1ADE080900A040E1 /* QuartzCore.framework */ = {isa = PBXFileReference; lastKnownFileType = wrapper.framework; name = QuartzCore.framework; path = System/Library/Frameworks/QuartzCore.framework; sourceTree = SDKROOT; };
		2D3F85F11ADE083400A040E1 /* AFNetworking.framework */ = {isa = PBXFileReference; lastKnownFileType = wrapper.framework; name = AFNetworking.framework; path = "Pods/../build/Debug-iphoneos/Pods-PipeDream/AFNetworking.framework"; sourceTree = "<group>"; };
		2D46DF6F1ADE214B0014B98C /* RequestOperationConfig.h */ = {isa = PBXFileReference; fileEncoding = 4; lastKnownFileType = sourcecode.c.h; path = RequestOperationConfig.h; sourceTree = "<group>"; };
		2D46DF721ADE218B0014B98C /* Blocks.h */ = {isa = PBXFileReference; lastKnownFileType = sourcecode.c.h; path = Blocks.h; sourceTree = "<group>"; };
		2D4FC8491AE827950044ACEF /* PDOpinionTableViewCell.h */ = {isa = PBXFileReference; fileEncoding = 4; lastKnownFileType = sourcecode.c.h; path = PDOpinionTableViewCell.h; sourceTree = "<group>"; };
		2D4FC84A1AE827950044ACEF /* PDOpinionTableViewCell.m */ = {isa = PBXFileReference; fileEncoding = 4; lastKnownFileType = sourcecode.c.objc; path = PDOpinionTableViewCell.m; sourceTree = "<group>"; };
		2D4FC84C1AE870A90044ACEF /* PDReleaseTableViewCell.h */ = {isa = PBXFileReference; fileEncoding = 4; lastKnownFileType = sourcecode.c.h; path = PDReleaseTableViewCell.h; sourceTree = "<group>"; };
		2D4FC84D1AE870A90044ACEF /* PDReleaseTableViewCell.m */ = {isa = PBXFileReference; fileEncoding = 4; lastKnownFileType = sourcecode.c.objc; path = PDReleaseTableViewCell.m; sourceTree = "<group>"; };
		2D4FC84F1AE890970044ACEF /* PDSportsTableViewCell.h */ = {isa = PBXFileReference; fileEncoding = 4; lastKnownFileType = sourcecode.c.h; path = PDSportsTableViewCell.h; sourceTree = "<group>"; };
		2D4FC8501AE890970044ACEF /* PDSportsTableViewCell.m */ = {isa = PBXFileReference; fileEncoding = 4; lastKnownFileType = sourcecode.c.objc; path = PDSportsTableViewCell.m; sourceTree = "<group>"; };
		2D4FC8521AE8A2430044ACEF /* PDRecentViewController.h */ = {isa = PBXFileReference; fileEncoding = 4; lastKnownFileType = sourcecode.c.h; path = PDRecentViewController.h; sourceTree = "<group>"; };
		2D4FC8531AE8A2430044ACEF /* PDRecentViewController.m */ = {isa = PBXFileReference; fileEncoding = 4; lastKnownFileType = sourcecode.c.objc; path = PDRecentViewController.m; sourceTree = "<group>"; };
		2D4FC85C1AE8B0FF0044ACEF /* Fonts */ = {isa = PBXFileReference; lastKnownFileType = folder; path = Fonts; sourceTree = "<group>"; };
		2D4FC85E1AE8B4A20044ACEF /* PDContactViewController.h */ = {isa = PBXFileReference; fileEncoding = 4; lastKnownFileType = sourcecode.c.h; path = PDContactViewController.h; sourceTree = "<group>"; };
		2D4FC85F1AE8B4A20044ACEF /* PDContactViewController.m */ = {isa = PBXFileReference; fileEncoding = 4; lastKnownFileType = sourcecode.c.objc; path = PDContactViewController.m; sourceTree = "<group>"; };
		2D4FC8621AE8BB620044ACEF /* MapKit.framework */ = {isa = PBXFileReference; lastKnownFileType = wrapper.framework; name = MapKit.framework; path = System/Library/Frameworks/MapKit.framework; sourceTree = SDKROOT; };
		2D4FC8641AE8C8000044ACEF /* SafariServices.framework */ = {isa = PBXFileReference; lastKnownFileType = wrapper.framework; name = SafariServices.framework; path = System/Library/Frameworks/SafariServices.framework; sourceTree = SDKROOT; };
		2D4FC8661AE8C8100044ACEF /* Facebook_iOS_SDK.framework */ = {isa = PBXFileReference; lastKnownFileType = wrapper.framework; name = Facebook_iOS_SDK.framework; path = "Pods/../build/Debug-iphoneos/Pods-PipeDream/Facebook_iOS_SDK.framework"; sourceTree = "<group>"; };
		2D5D94071ADCBABC0068DB3E /* Mantle.framework */ = {isa = PBXFileReference; lastKnownFileType = wrapper.framework; name = Mantle.framework; path = "Pods/../build/Debug-iphoneos/Pods-PipeDream/Mantle.framework"; sourceTree = "<group>"; };
		2D5D94091ADCBC620068DB3E /* Article.h */ = {isa = PBXFileReference; fileEncoding = 4; lastKnownFileType = sourcecode.c.h; path = Article.h; sourceTree = "<group>"; };
		2D5D940A1ADCBC620068DB3E /* Article.m */ = {isa = PBXFileReference; fileEncoding = 4; lastKnownFileType = sourcecode.c.objc; path = Article.m; sourceTree = "<group>"; };
		2D5D940B1ADCBC620068DB3E /* ArticleCategory.h */ = {isa = PBXFileReference; fileEncoding = 4; lastKnownFileType = sourcecode.c.h; path = ArticleCategory.h; sourceTree = "<group>"; };
		2D5D940C1ADCBC620068DB3E /* ArticleCategory.m */ = {isa = PBXFileReference; fileEncoding = 4; lastKnownFileType = sourcecode.c.objc; path = ArticleCategory.m; sourceTree = "<group>"; };
		2D5D940D1ADCBC620068DB3E /* Attachments.h */ = {isa = PBXFileReference; fileEncoding = 4; lastKnownFileType = sourcecode.c.h; path = Attachments.h; sourceTree = "<group>"; };
		2D5D940E1ADCBC620068DB3E /* Attachments.m */ = {isa = PBXFileReference; fileEncoding = 4; lastKnownFileType = sourcecode.c.objc; path = Attachments.m; sourceTree = "<group>"; };
		2D5D941D1ADCBD7E0068DB3E /* PDNetworkClient.h */ = {isa = PBXFileReference; fileEncoding = 4; lastKnownFileType = sourcecode.c.h; path = PDNetworkClient.h; sourceTree = "<group>"; };
		2D5D941E1ADCBD7E0068DB3E /* PDNetworkClient.m */ = {isa = PBXFileReference; fileEncoding = 4; lastKnownFileType = sourcecode.c.objc; path = PDNetworkClient.m; sourceTree = "<group>"; };
		2D5D94201ADCBEAB0068DB3E /* PDSingleton.h */ = {isa = PBXFileReference; fileEncoding = 4; lastKnownFileType = sourcecode.c.h; path = PDSingleton.h; sourceTree = "<group>"; };
		2D5D94211ADCBEAB0068DB3E /* PDSingleton.m */ = {isa = PBXFileReference; fileEncoding = 4; lastKnownFileType = sourcecode.c.objc; path = PDSingleton.m; sourceTree = "<group>"; };
		2D5E8E1F1AD9F2AE00FB533F /* PDOpinionViewController.h */ = {isa = PBXFileReference; fileEncoding = 4; lastKnownFileType = sourcecode.c.h; path = PDOpinionViewController.h; sourceTree = "<group>"; };
		2D5E8E201AD9F2AE00FB533F /* PDOpinionViewController.m */ = {isa = PBXFileReference; fileEncoding = 4; lastKnownFileType = sourcecode.c.objc; path = PDOpinionViewController.m; sourceTree = "<group>"; };
		2D5E8E221AD9F32500FB533F /* PDOpinionDetailViewController.h */ = {isa = PBXFileReference; fileEncoding = 4; lastKnownFileType = sourcecode.c.h; path = PDOpinionDetailViewController.h; sourceTree = "<group>"; };
		2D5E8E231AD9F32500FB533F /* PDOpinionDetailViewController.m */ = {isa = PBXFileReference; fileEncoding = 4; lastKnownFileType = sourcecode.c.objc; path = PDOpinionDetailViewController.m; sourceTree = "<group>"; };
		2D5FDB2B1AEA1046004187BB /* libPods-PipeDream-AFNetworking.a */ = {isa = PBXFileReference; lastKnownFileType = archive.ar; name = "libPods-PipeDream-AFNetworking.a"; path = "Pods/../build/Debug-iphoneos/libPods-PipeDream-AFNetworking.a"; sourceTree = "<group>"; };
		2D5FDB2C1AEA1046004187BB /* libPods-PipeDream-FLKAutoLayout.a */ = {isa = PBXFileReference; lastKnownFileType = archive.ar; name = "libPods-PipeDream-FLKAutoLayout.a"; path = "Pods/../build/Debug-iphoneos/libPods-PipeDream-FLKAutoLayout.a"; sourceTree = "<group>"; };
		2D5FDB2D1AEA1046004187BB /* libPods-PipeDream-FontAwesomeIconFactory.a */ = {isa = PBXFileReference; lastKnownFileType = archive.ar; name = "libPods-PipeDream-FontAwesomeIconFactory.a"; path = "Pods/../build/Debug-iphoneos/libPods-PipeDream-FontAwesomeIconFactory.a"; sourceTree = "<group>"; };
		2D5FDB2E1AEA1046004187BB /* libPods-PipeDream-JVFloatingDrawer.a */ = {isa = PBXFileReference; lastKnownFileType = archive.ar; name = "libPods-PipeDream-JVFloatingDrawer.a"; path = "Pods/../build/Debug-iphoneos/libPods-PipeDream-JVFloatingDrawer.a"; sourceTree = "<group>"; };
		2D5FDB2F1AEA1046004187BB /* libPods-PipeDream-Mantle.a */ = {isa = PBXFileReference; lastKnownFileType = archive.ar; name = "libPods-PipeDream-Mantle.a"; path = "Pods/../build/Debug-iphoneos/libPods-PipeDream-Mantle.a"; sourceTree = "<group>"; };
		2D5FDB301AEA1046004187BB /* libPods-PipeDream-ORStackView.a */ = {isa = PBXFileReference; lastKnownFileType = archive.ar; name = "libPods-PipeDream-ORStackView.a"; path = "Pods/../build/Debug-iphoneos/libPods-PipeDream-ORStackView.a"; sourceTree = "<group>"; };
		2D5FDB371AEA1230004187BB /* libPods-PipeDream-AFNetworking.a */ = {isa = PBXFileReference; lastKnownFileType = archive.ar; name = "libPods-PipeDream-AFNetworking.a"; path = "Pods/../build/Debug-iphoneos/libPods-PipeDream-AFNetworking.a"; sourceTree = "<group>"; };
		2D5FDB391AEA1336004187BB /* libPods-PipeDream-JVFloatingDrawer.a */ = {isa = PBXFileReference; lastKnownFileType = archive.ar; name = "libPods-PipeDream-JVFloatingDrawer.a"; path = "Pods/../build/Debug-iphoneos/libPods-PipeDream-JVFloatingDrawer.a"; sourceTree = "<group>"; };
		2D5FDB3B1AEAE4C5004187BB /* libsandbox.1.dylib */ = {isa = PBXFileReference; lastKnownFileType = "compiled.mach-o.dylib"; name = libsandbox.1.dylib; path = usr/lib/libsandbox.1.dylib; sourceTree = SDKROOT; };
		2D5FDB3C1AEAE4C5004187BB /* libsandbox.dylib */ = {isa = PBXFileReference; lastKnownFileType = "compiled.mach-o.dylib"; name = libsandbox.dylib; path = usr/lib/libsandbox.dylib; sourceTree = SDKROOT; };
		2D5FDB3D1AEAE4C5004187BB /* libsystem_sandbox.dylib */ = {isa = PBXFileReference; lastKnownFileType = "compiled.mach-o.dylib"; name = libsystem_sandbox.dylib; path = usr/lib/system/libsystem_sandbox.dylib; sourceTree = SDKROOT; };
		2D5FDB411AEAEB68004187BB /* libPods-PipeDream-Bolts.a */ = {isa = PBXFileReference; lastKnownFileType = archive.ar; name = "libPods-PipeDream-Bolts.a"; path = "Pods/../build/Debug-iphoneos/libPods-PipeDream-Bolts.a"; sourceTree = "<group>"; };
		2D5FDB421AEAEB68004187BB /* libPods-PipeDream-Facebook-iOS-SDK.a */ = {isa = PBXFileReference; lastKnownFileType = archive.ar; name = "libPods-PipeDream-Facebook-iOS-SDK.a"; path = "Pods/../build/Debug-iphoneos/libPods-PipeDream-Facebook-iOS-SDK.a"; sourceTree = "<group>"; };
		2D5FDB451AEB159D004187BB /* libPods-PipeDream-RNBlurModalView.a */ = {isa = PBXFileReference; lastKnownFileType = archive.ar; name = "libPods-PipeDream-RNBlurModalView.a"; path = "Pods/../build/Debug-iphoneos/libPods-PipeDream-RNBlurModalView.a"; sourceTree = "<group>"; };
		2D5FDB471AEB1769004187BB /* PDShareButton.h */ = {isa = PBXFileReference; fileEncoding = 4; lastKnownFileType = sourcecode.c.h; path = PDShareButton.h; sourceTree = "<group>"; };
		2D5FDB481AEB1769004187BB /* PDShareButton.m */ = {isa = PBXFileReference; fileEncoding = 4; lastKnownFileType = sourcecode.c.objc; path = PDShareButton.m; sourceTree = "<group>"; };
		2D5FDB581AEB5B22004187BB /* PipeDream-Prefix.pch */ = {isa = PBXFileReference; lastKnownFileType = sourcecode.c.h; path = "PipeDream-Prefix.pch"; sourceTree = "<group>"; };
		2D5FDB5D1AEB6157004187BB /* KLCPopup.h */ = {isa = PBXFileReference; fileEncoding = 4; lastKnownFileType = sourcecode.c.h; path = KLCPopup.h; sourceTree = "<group>"; };
		2D5FDB5E1AEB6157004187BB /* KLCPopup.m */ = {isa = PBXFileReference; fileEncoding = 4; lastKnownFileType = sourcecode.c.objc; path = KLCPopup.m; sourceTree = "<group>"; };
		2D7A30A51ADF37B700A6055C /* PDNewsTableviewCell.h */ = {isa = PBXFileReference; fileEncoding = 4; lastKnownFileType = sourcecode.c.h; path = PDNewsTableviewCell.h; sourceTree = "<group>"; };
		2D7A30A61ADF37B700A6055C /* PDNewsTableviewCell.m */ = {isa = PBXFileReference; fileEncoding = 4; lastKnownFileType = sourcecode.c.objc; path = PDNewsTableviewCell.m; sourceTree = "<group>"; };
		2D7A30AA1ADFF4DA00A6055C /* RequestOperationConfig.m */ = {isa = PBXFileReference; fileEncoding = 4; lastKnownFileType = sourcecode.c.objc; path = RequestOperationConfig.m; sourceTree = "<group>"; };
		2D85F5111AE8CA0D00A0C832 /* Accounts.framework */ = {isa = PBXFileReference; lastKnownFileType = wrapper.framework; name = Accounts.framework; path = System/Library/Frameworks/Accounts.framework; sourceTree = SDKROOT; };
		2D8DADEB1AD8B7440047AECE /* PDDrawerMenuCell.h */ = {isa = PBXFileReference; fileEncoding = 4; lastKnownFileType = sourcecode.c.h; path = PDDrawerMenuCell.h; sourceTree = "<group>"; };
		2D8DADEC1AD8B7440047AECE /* PDDrawerMenuCell.m */ = {isa = PBXFileReference; fileEncoding = 4; lastKnownFileType = sourcecode.c.objc; path = PDDrawerMenuCell.m; sourceTree = "<group>"; };
		2D8DADF51AD8E2E70047AECE /* PDFeedTableViewCell.h */ = {isa = PBXFileReference; fileEncoding = 4; lastKnownFileType = sourcecode.c.h; path = PDFeedTableViewCell.h; sourceTree = "<group>"; };
		2D8DADF61AD8E2E70047AECE /* PDFeedTableViewCell.m */ = {isa = PBXFileReference; fileEncoding = 4; lastKnownFileType = sourcecode.c.objc; path = PDFeedTableViewCell.m; sourceTree = "<group>"; };
		2D9ABD441AEDE2B100EA37EB /* PDArticleContentView.h */ = {isa = PBXFileReference; fileEncoding = 4; lastKnownFileType = sourcecode.c.h; path = PDArticleContentView.h; sourceTree = "<group>"; };
		2D9ABD451AEDE2B100EA37EB /* PDArticleContentView.m */ = {isa = PBXFileReference; fileEncoding = 4; lastKnownFileType = sourcecode.c.objc; path = PDArticleContentView.m; sourceTree = "<group>"; };
		2D9ABD471AEDF33400EA37EB /* PDContentViewController.h */ = {isa = PBXFileReference; fileEncoding = 4; lastKnownFileType = sourcecode.c.h; path = PDContentViewController.h; sourceTree = "<group>"; };
		2D9ABD481AEDF33400EA37EB /* PDContentViewController.m */ = {isa = PBXFileReference; fileEncoding = 4; lastKnownFileType = sourcecode.c.objc; path = PDContentViewController.m; sourceTree = "<group>"; };
		2DBEBCAD1AD70B7100123DB5 /* BG.png */ = {isa = PBXFileReference; lastKnownFileType = image.png; path = BG.png; sourceTree = "<group>"; };
		2DBEBCBE1AD7314000123DB5 /* menu.png */ = {isa = PBXFileReference; lastKnownFileType = image.png; path = menu.png; sourceTree = "<group>"; };
		2DBEBCBF1AD7314000123DB5 /* menu@2x.png */ = {isa = PBXFileReference; lastKnownFileType = image.png; path = "menu@2x.png"; sourceTree = "<group>"; };
		2DC51D241AD4ECA800B9FA1F /* PDNewsViewController.h */ = {isa = PBXFileReference; fileEncoding = 4; lastKnownFileType = sourcecode.c.h; path = PDNewsViewController.h; sourceTree = "<group>"; };
		2DC51D251AD4ECA800B9FA1F /* PDNewsViewController.m */ = {isa = PBXFileReference; fileEncoding = 4; lastKnownFileType = sourcecode.c.objc; path = PDNewsViewController.m; sourceTree = "<group>"; };
		2DC51D331AD5B58200B9FA1F /* Front View Swipe Left.png */ = {isa = PBXFileReference; lastKnownFileType = image.png; path = "Front View Swipe Left.png"; sourceTree = "<group>"; };
		2DC51D341AD5B58200B9FA1F /* Front View Swipe Left@2x.png */ = {isa = PBXFileReference; lastKnownFileType = image.png; path = "Front View Swipe Left@2x.png"; sourceTree = "<group>"; };
		2DC51D351AD5B58200B9FA1F /* Front View.png */ = {isa = PBXFileReference; lastKnownFileType = image.png; path = "Front View.png"; sourceTree = "<group>"; };
		2DC51D361AD5B58200B9FA1F /* Front View@2x.png */ = {isa = PBXFileReference; lastKnownFileType = image.png; path = "Front View@2x.png"; sourceTree = "<group>"; };
		2DC51D371AD5B58200B9FA1F /* Front View@3x.png */ = {isa = PBXFileReference; lastKnownFileType = image.png; path = "Front View@3x.png"; sourceTree = "<group>"; };
		2DD575941AEDC61D0052CD01 /* PDRecentTableViewCell.h */ = {isa = PBXFileReference; fileEncoding = 4; lastKnownFileType = sourcecode.c.h; path = PDRecentTableViewCell.h; sourceTree = "<group>"; };
		2DD575951AEDC61D0052CD01 /* PDRecentTableViewCell.m */ = {isa = PBXFileReference; fileEncoding = 4; lastKnownFileType = sourcecode.c.objc; path = PDRecentTableViewCell.m; sourceTree = "<group>"; };
		2DEED40D1ADE0997005A56D4 /* NetworkExtension.framework */ = {isa = PBXFileReference; lastKnownFileType = wrapper.framework; name = NetworkExtension.framework; path = System/Library/Frameworks/NetworkExtension.framework; sourceTree = SDKROOT; };
		2DEED40E1ADE0997005A56D4 /* Twitter.framework */ = {isa = PBXFileReference; lastKnownFileType = wrapper.framework; name = Twitter.framework; path = System/Library/Frameworks/Twitter.framework; sourceTree = SDKROOT; };
		2DEED40F1ADE0997005A56D4 /* WebKit.framework */ = {isa = PBXFileReference; lastKnownFileType = wrapper.framework; name = WebKit.framework; path = System/Library/Frameworks/WebKit.framework; sourceTree = SDKROOT; };
		2DEED4131ADE0AA2005A56D4 /* UIKit.framework */ = {isa = PBXFileReference; lastKnownFileType = wrapper.framework; name = UIKit.framework; path = System/Library/Frameworks/UIKit.framework; sourceTree = SDKROOT; };
		2DF06BF01AEB744600C03D09 /* PDShareUtility.h */ = {isa = PBXFileReference; fileEncoding = 4; lastKnownFileType = sourcecode.c.h; path = PDShareUtility.h; sourceTree = "<group>"; };
		2DF06BF11AEB744600C03D09 /* PDShareUtility.m */ = {isa = PBXFileReference; fileEncoding = 4; lastKnownFileType = sourcecode.c.objc; path = PDShareUtility.m; sourceTree = "<group>"; };
		2DF06BF31AECA6DC00C03D09 /* PDFeedTableViewController.h */ = {isa = PBXFileReference; fileEncoding = 4; lastKnownFileType = sourcecode.c.h; path = PDFeedTableViewController.h; sourceTree = "<group>"; };
		2DF06BF41AECA6DC00C03D09 /* PDFeedTableViewController.m */ = {isa = PBXFileReference; fileEncoding = 4; lastKnownFileType = sourcecode.c.objc; path = PDFeedTableViewController.m; sourceTree = "<group>"; };
		774EED6B9BEC8E099AFBF156 /* Pods-PipeDream.debug.xcconfig */ = {isa = PBXFileReference; includeInIndex = 1; lastKnownFileType = text.xcconfig; name = "Pods-PipeDream.debug.xcconfig"; path = "Pods/Target Support Files/Pods-PipeDream/Pods-PipeDream.debug.xcconfig"; sourceTree = "<group>"; };
		8839B9FA9C4817179CE28D3F /* libPods-PipeDream.a */ = {isa = PBXFileReference; explicitFileType = archive.ar; includeInIndex = 0; path = "libPods-PipeDream.a"; sourceTree = BUILT_PRODUCTS_DIR; };
/* End PBXFileReference section */

/* Begin PBXFrameworksBuildPhase section */
		2D271A661ABE1AE300A71464 /* Frameworks */ = {
			isa = PBXFrameworksBuildPhase;
			buildActionMask = 2147483647;
			files = (
				2D5FDB431AEAEB68004187BB /* libPods-PipeDream-Bolts.a in Frameworks */,
				2D5FDB441AEAEB68004187BB /* libPods-PipeDream-Facebook-iOS-SDK.a in Frameworks */,
				2D5FDB3A1AEA1336004187BB /* libPods-PipeDream-JVFloatingDrawer.a in Frameworks */,
				2D5FDB381AEA1230004187BB /* libPods-PipeDream-AFNetworking.a in Frameworks */,
				2D5FDB321AEA1046004187BB /* libPods-PipeDream-FLKAutoLayout.a in Frameworks */,
				2D5FDB331AEA1046004187BB /* libPods-PipeDream-FontAwesomeIconFactory.a in Frameworks */,
				2D5FDB351AEA1046004187BB /* libPods-PipeDream-Mantle.a in Frameworks */,
				2D5FDB361AEA1046004187BB /* libPods-PipeDream-ORStackView.a in Frameworks */,
				2D85F5121AE8CA0D00A0C832 /* Accounts.framework in Frameworks */,
				2D4FC8651AE8C8000044ACEF /* SafariServices.framework in Frameworks */,
				2D4FC8631AE8BB620044ACEF /* MapKit.framework in Frameworks */,
				2DEED4141ADE0AA2005A56D4 /* UIKit.framework in Frameworks */,
				2DEED4101ADE0997005A56D4 /* NetworkExtension.framework in Frameworks */,
				2DEED4111ADE0997005A56D4 /* Twitter.framework in Frameworks */,
				2DEED4121ADE0997005A56D4 /* WebKit.framework in Frameworks */,
				2D3F85E91ADDF8F300A040E1 /* MobileCoreServices.framework in Frameworks */,
				2D3F85F01ADE080900A040E1 /* QuartzCore.framework in Frameworks */,
				2D3F85ED1ADDF90800A040E1 /* SystemConfiguration.framework in Frameworks */,
				2D3F85EB1ADDF8FC00A040E1 /* CoreLocation.framework in Frameworks */,
				63D8B653419B1EEB0CC8536F /* libPods-PipeDream.a in Frameworks */,
			);
			runOnlyForDeploymentPostprocessing = 0;
		};
		2D271A821ABE1AE400A71464 /* Frameworks */ = {
			isa = PBXFrameworksBuildPhase;
			buildActionMask = 2147483647;
			files = (
			);
			runOnlyForDeploymentPostprocessing = 0;
		};
/* End PBXFrameworksBuildPhase section */

/* Begin PBXGroup section */
		2BA09AD31AE82ECF0084C258 /* HTMLDecoder */ = {
			isa = PBXGroup;
			children = (
				2BA09AD71AE833070084C258 /* NSString+HTML.h */,
				2BA09AD81AE833070084C258 /* NSString+HTML.m */,
				2BA09AD41AE82F520084C258 /* NSString_stripHtml.h */,
				2BA09AD51AE82F520084C258 /* NSString_stripHtml.m */,
			);
			name = HTMLDecoder;
			sourceTree = "<group>";
		};
		2D271A601ABE1AE300A71464 = {
			isa = PBXGroup;
			children = (
				2D271A6B1ABE1AE300A71464 /* PipeDream */,
				2D271A881ABE1AE400A71464 /* PipeDreamTests */,
				2D271A6A1ABE1AE300A71464 /* Products */,
				7931DE257A76F74859FB3B5E /* Pods */,
				794F173DADAE86E716A67057 /* Frameworks */,
			);
			sourceTree = "<group>";
		};
		2D271A6A1ABE1AE300A71464 /* Products */ = {
			isa = PBXGroup;
			children = (
				2D271A691ABE1AE300A71464 /* PipeDream.app */,
				2D271A851ABE1AE400A71464 /* PipeDreamTests.xctest */,
			);
			name = Products;
			sourceTree = "<group>";
		};
		2D271A6B1ABE1AE300A71464 /* PipeDream */ = {
			isa = PBXGroup;
			children = (
				2D271A701ABE1AE300A71464 /* AppDelegate.h */,
				2D271A711ABE1AE300A71464 /* AppDelegate.m */,
				2D271A981ABE1B6A00A71464 /* Classes */,
				2D271A791ABE1AE300A71464 /* Main.storyboard */,
				2D271A7C1ABE1AE300A71464 /* Images.xcassets */,
				2D271A7E1ABE1AE300A71464 /* LaunchScreen.xib */,
				2D271A731ABE1AE300A71464 /* PipeDream.xcdatamodeld */,
				2DC51D171AD4D2D100B9FA1F /* Resources */,
				2D271A6C1ABE1AE300A71464 /* Supporting Files */,
			);
			path = PipeDream;
			sourceTree = "<group>";
		};
		2D271A6C1ABE1AE300A71464 /* Supporting Files */ = {
			isa = PBXGroup;
			children = (
				2D271A6D1ABE1AE300A71464 /* Info.plist */,
				2D271A6E1ABE1AE300A71464 /* main.m */,
				2D5FDB581AEB5B22004187BB /* PipeDream-Prefix.pch */,
			);
			name = "Supporting Files";
			sourceTree = "<group>";
		};
		2D271A881ABE1AE400A71464 /* PipeDreamTests */ = {
			isa = PBXGroup;
			children = (
				2D271A8B1ABE1AE400A71464 /* PipeDreamTests.m */,
				2D271A891ABE1AE400A71464 /* Supporting Files */,
			);
			path = PipeDreamTests;
			sourceTree = "<group>";
		};
		2D271A891ABE1AE400A71464 /* Supporting Files */ = {
			isa = PBXGroup;
			children = (
				2D271A8A1ABE1AE400A71464 /* Info.plist */,
			);
			name = "Supporting Files";
			sourceTree = "<group>";
		};
		2D271A981ABE1B6A00A71464 /* Classes */ = {
			isa = PBXGroup;
			children = (
				2BA09AD31AE82ECF0084C258 /* HTMLDecoder */,
				2D46DF6A1ADE1F970014B98C /* Blocks */,
				2D5D941C1ADCBD310068DB3E /* Network */,
				2D5D941B1ADCBC6B0068DB3E /* Models */,
				2D271A9A1ABE1B9400A71464 /* Common */,
				2DC51D161AD4D0F900B9FA1F /* ViewControllers */,
			);
			name = Classes;
			sourceTree = "<group>";
		};
		2D271A9A1ABE1B9400A71464 /* Common */ = {
			isa = PBXGroup;
			children = (
				2D5FDB5C1AEB6157004187BB /* KLCPopup */,
				2D271A9B1ABE25C900A71464 /* PDNavigationController.h */,
				2D271A9C1ABE25C900A71464 /* PDNavigationController.m */,
				2DF06BF31AECA6DC00C03D09 /* PDFeedTableViewController.h */,
				2DF06BF41AECA6DC00C03D09 /* PDFeedTableViewController.m */,
				2D9ABD441AEDE2B100EA37EB /* PDArticleContentView.h */,
				2D9ABD451AEDE2B100EA37EB /* PDArticleContentView.m */,
				2D9ABD471AEDF33400EA37EB /* PDContentViewController.h */,
				2D9ABD481AEDF33400EA37EB /* PDContentViewController.m */,
				2D8DADE41AD888790047AECE /* Cell */,
				2DBEBCB21AD70DAC00123DB5 /* Drawer */,
				2D5FDB4A1AEB2FB8004187BB /* SocialShare */,
			);
			name = Common;
			sourceTree = "<group>";
		};
		2D29213E1ADA49ED00D622EC /* Release */ = {
			isa = PBXGroup;
			children = (
				2D29213B1ADA49E800D622EC /* PDReleaseViewController.h */,
				2D4FC84C1AE870A90044ACEF /* PDReleaseTableViewCell.h */,
				2D4FC84D1AE870A90044ACEF /* PDReleaseTableViewCell.m */,
				2D29213C1ADA49E800D622EC /* PDReleaseViewController.m */,
				2D2921431ADA585100D622EC /* PDReleaseDetailViewController.h */,
				2D2921441ADA585100D622EC /* PDReleaseDetailViewController.m */,
			);
			name = Release;
			sourceTree = "<group>";
		};
		2D2921421ADA4C7E00D622EC /* Sports */ = {
			isa = PBXGroup;
			children = (
				2D29213F1ADA4C7100D622EC /* PDSportsViewController.h */,
				2D4FC84F1AE890970044ACEF /* PDSportsTableViewCell.h */,
				2D4FC8501AE890970044ACEF /* PDSportsTableViewCell.m */,
				2D2921401ADA4C7100D622EC /* PDSportsViewController.m */,
				2D2921461ADA586E00D622EC /* PDSportsDetailViewController.h */,
				2D2921471ADA586E00D622EC /* PDSportsDetailViewController.m */,
			);
			name = Sports;
			sourceTree = "<group>";
		};
		2D345C061AD9E5D300308866 /* Opinion */ = {
			isa = PBXGroup;
			children = (
				2D5E8E1F1AD9F2AE00FB533F /* PDOpinionViewController.h */,
				2D5E8E201AD9F2AE00FB533F /* PDOpinionViewController.m */,
				2D5E8E221AD9F32500FB533F /* PDOpinionDetailViewController.h */,
				2D5E8E231AD9F32500FB533F /* PDOpinionDetailViewController.m */,
				2D4FC8491AE827950044ACEF /* PDOpinionTableViewCell.h */,
				2D4FC84A1AE827950044ACEF /* PDOpinionTableViewCell.m */,
			);
			name = Opinion;
			sourceTree = "<group>";
		};
		2D345C071AD9E5DC00308866 /* News */ = {
			isa = PBXGroup;
			children = (
				2DC51D241AD4ECA800B9FA1F /* PDNewsViewController.h */,
				2DC51D251AD4ECA800B9FA1F /* PDNewsViewController.m */,
				2D345C031AD9E5C700308866 /* PDNewsDetailViewController.h */,
				2D345C041AD9E5C700308866 /* PDNewsDetailViewController.m */,
				2D7A30A51ADF37B700A6055C /* PDNewsTableviewCell.h */,
				2D7A30A61ADF37B700A6055C /* PDNewsTableviewCell.m */,
			);
			name = News;
			sourceTree = "<group>";
		};
		2D46DF6A1ADE1F970014B98C /* Blocks */ = {
			isa = PBXGroup;
			children = (
				2D46DF721ADE218B0014B98C /* Blocks.h */,
			);
			name = Blocks;
			sourceTree = "<group>";
		};
		2D4FC8551AE8A2510044ACEF /* Recent */ = {
			isa = PBXGroup;
			children = (
				2D4FC8521AE8A2430044ACEF /* PDRecentViewController.h */,
				2D4FC8531AE8A2430044ACEF /* PDRecentViewController.m */,
				2DD575941AEDC61D0052CD01 /* PDRecentTableViewCell.h */,
				2DD575951AEDC61D0052CD01 /* PDRecentTableViewCell.m */,
			);
			name = Recent;
			sourceTree = "<group>";
		};
		2D4FC8611AE8B4AC0044ACEF /* Contact */ = {
			isa = PBXGroup;
			children = (
				2D4FC85E1AE8B4A20044ACEF /* PDContactViewController.h */,
				2D4FC85F1AE8B4A20044ACEF /* PDContactViewController.m */,
			);
			name = Contact;
			sourceTree = "<group>";
		};
		2D5D941B1ADCBC6B0068DB3E /* Models */ = {
			isa = PBXGroup;
			children = (
				2D5D94091ADCBC620068DB3E /* Article.h */,
				2D5D940A1ADCBC620068DB3E /* Article.m */,
				2D5D940B1ADCBC620068DB3E /* ArticleCategory.h */,
				2D5D940C1ADCBC620068DB3E /* ArticleCategory.m */,
				2D5D940D1ADCBC620068DB3E /* Attachments.h */,
				2D5D940E1ADCBC620068DB3E /* Attachments.m */,
			);
			name = Models;
			sourceTree = "<group>";
		};
		2D5D941C1ADCBD310068DB3E /* Network */ = {
			isa = PBXGroup;
			children = (
				2D46DF6F1ADE214B0014B98C /* RequestOperationConfig.h */,
				2D7A30AA1ADFF4DA00A6055C /* RequestOperationConfig.m */,
				2D5D941D1ADCBD7E0068DB3E /* PDNetworkClient.h */,
				2D5D941E1ADCBD7E0068DB3E /* PDNetworkClient.m */,
				2D5D94201ADCBEAB0068DB3E /* PDSingleton.h */,
				2D5D94211ADCBEAB0068DB3E /* PDSingleton.m */,
			);
			name = Network;
			sourceTree = "<group>";
		};
		2D5FDB4A1AEB2FB8004187BB /* SocialShare */ = {
			isa = PBXGroup;
			children = (
				2D5FDB471AEB1769004187BB /* PDShareButton.h */,
				2D5FDB481AEB1769004187BB /* PDShareButton.m */,
				2DF06BF01AEB744600C03D09 /* PDShareUtility.h */,
				2DF06BF11AEB744600C03D09 /* PDShareUtility.m */,
			);
			name = SocialShare;
			sourceTree = "<group>";
		};
		2D5FDB5C1AEB6157004187BB /* KLCPopup */ = {
			isa = PBXGroup;
			children = (
				2D5FDB5D1AEB6157004187BB /* KLCPopup.h */,
				2D5FDB5E1AEB6157004187BB /* KLCPopup.m */,
			);
			path = KLCPopup;
			sourceTree = "<group>";
		};
		2D8DADE41AD888790047AECE /* Cell */ = {
			isa = PBXGroup;
			children = (
				2D8DADF51AD8E2E70047AECE /* PDFeedTableViewCell.h */,
				2D8DADF61AD8E2E70047AECE /* PDFeedTableViewCell.m */,
				2D8DADEB1AD8B7440047AECE /* PDDrawerMenuCell.h */,
				2D8DADEC1AD8B7440047AECE /* PDDrawerMenuCell.m */,
			);
			name = Cell;
			sourceTree = "<group>";
		};
		2DBEBCB21AD70DAC00123DB5 /* Drawer */ = {
			isa = PBXGroup;
			children = (
				2D2921351ADA154500D622EC /* PDDrawerViewController.h */,
				2D2921361ADA154500D622EC /* PDDrawerViewController.m */,
			);
			name = Drawer;
			sourceTree = "<group>";
		};
		2DC51D161AD4D0F900B9FA1F /* ViewControllers */ = {
			isa = PBXGroup;
			children = (
				2D345C071AD9E5DC00308866 /* News */,
				2D345C061AD9E5D300308866 /* Opinion */,
				2D29213E1ADA49ED00D622EC /* Release */,
				2D2921421ADA4C7E00D622EC /* Sports */,
				2D4FC8551AE8A2510044ACEF /* Recent */,
				2D4FC8611AE8B4AC0044ACEF /* Contact */,
			);
			name = ViewControllers;
			sourceTree = "<group>";
		};
		2DC51D171AD4D2D100B9FA1F /* Resources */ = {
			isa = PBXGroup;
			children = (
				2D4FC85C1AE8B0FF0044ACEF /* Fonts */,
				2D345BFF1AD9E56F00308866 /* detail.png */,
				2D345C001AD9E56F00308866 /* detail@2x.png */,
				2DBEBCBE1AD7314000123DB5 /* menu.png */,
				2DBEBCBF1AD7314000123DB5 /* menu@2x.png */,
				2DBEBCAD1AD70B7100123DB5 /* BG.png */,
				2DC51D331AD5B58200B9FA1F /* Front View Swipe Left.png */,
				2DC51D341AD5B58200B9FA1F /* Front View Swipe Left@2x.png */,
				2DC51D351AD5B58200B9FA1F /* Front View.png */,
				2DC51D361AD5B58200B9FA1F /* Front View@2x.png */,
				2DC51D371AD5B58200B9FA1F /* Front View@3x.png */,
			);
			name = Resources;
			path = ..;
			sourceTree = "<group>";
		};
		7931DE257A76F74859FB3B5E /* Pods */ = {
			isa = PBXGroup;
			children = (
				774EED6B9BEC8E099AFBF156 /* Pods-PipeDream.debug.xcconfig */,
				1DBB73B3EFDBCEBB106DF89E /* Pods-PipeDream.release.xcconfig */,
			);
			name = Pods;
			sourceTree = "<group>";
		};
		794F173DADAE86E716A67057 /* Frameworks */ = {
			isa = PBXGroup;
			children = (
				2D5FDB451AEB159D004187BB /* libPods-PipeDream-RNBlurModalView.a */,
				2D5FDB411AEAEB68004187BB /* libPods-PipeDream-Bolts.a */,
				2D5FDB421AEAEB68004187BB /* libPods-PipeDream-Facebook-iOS-SDK.a */,
				2D5FDB3B1AEAE4C5004187BB /* libsandbox.1.dylib */,
				2D5FDB3C1AEAE4C5004187BB /* libsandbox.dylib */,
				2D5FDB3D1AEAE4C5004187BB /* libsystem_sandbox.dylib */,
				2D5FDB391AEA1336004187BB /* libPods-PipeDream-JVFloatingDrawer.a */,
				2D5FDB371AEA1230004187BB /* libPods-PipeDream-AFNetworking.a */,
				2D5FDB2B1AEA1046004187BB /* libPods-PipeDream-AFNetworking.a */,
				2D5FDB2C1AEA1046004187BB /* libPods-PipeDream-FLKAutoLayout.a */,
				2D5FDB2D1AEA1046004187BB /* libPods-PipeDream-FontAwesomeIconFactory.a */,
				2D5FDB2E1AEA1046004187BB /* libPods-PipeDream-JVFloatingDrawer.a */,
				2D5FDB2F1AEA1046004187BB /* libPods-PipeDream-Mantle.a */,
				2D5FDB301AEA1046004187BB /* libPods-PipeDream-ORStackView.a */,
				2D85F5111AE8CA0D00A0C832 /* Accounts.framework */,
				2D4FC8661AE8C8100044ACEF /* Facebook_iOS_SDK.framework */,
				2D4FC8641AE8C8000044ACEF /* SafariServices.framework */,
				2D4FC8621AE8BB620044ACEF /* MapKit.framework */,
				2DEED4131ADE0AA2005A56D4 /* UIKit.framework */,
				2DEED40D1ADE0997005A56D4 /* NetworkExtension.framework */,
				2DEED40E1ADE0997005A56D4 /* Twitter.framework */,
				2DEED40F1ADE0997005A56D4 /* WebKit.framework */,
				2D3F85F11ADE083400A040E1 /* AFNetworking.framework */,
				2D3F85EF1ADE080900A040E1 /* QuartzCore.framework */,
				2D3F85EC1ADDF90800A040E1 /* SystemConfiguration.framework */,
				2D3F85EA1ADDF8FC00A040E1 /* CoreLocation.framework */,
				2D3F85E81ADDF8F300A040E1 /* MobileCoreServices.framework */,
				2D5D94071ADCBABC0068DB3E /* Mantle.framework */,
				2D2921331ADA148A00D622EC /* JVFloatingDrawer.framework */,
				8839B9FA9C4817179CE28D3F /* libPods-PipeDream.a */,
			);
			name = Frameworks;
			sourceTree = "<group>";
		};
/* End PBXGroup section */

/* Begin PBXNativeTarget section */
		2D271A681ABE1AE300A71464 /* PipeDream */ = {
			isa = PBXNativeTarget;
			buildConfigurationList = 2D271A8F1ABE1AE400A71464 /* Build configuration list for PBXNativeTarget "PipeDream" */;
			buildPhases = (
				79E1597D1B55E73377686FB0 /* Check Pods Manifest.lock */,
				2D271A651ABE1AE300A71464 /* Sources */,
				2D271A661ABE1AE300A71464 /* Frameworks */,
				2D271A671ABE1AE300A71464 /* Resources */,
				1D350AC411592F23B47CB64B /* Copy Pods Resources */,
			);
			buildRules = (
			);
			dependencies = (
			);
			name = PipeDream;
			productName = PipeDream;
			productReference = 2D271A691ABE1AE300A71464 /* PipeDream.app */;
			productType = "com.apple.product-type.application";
		};
		2D271A841ABE1AE400A71464 /* PipeDreamTests */ = {
			isa = PBXNativeTarget;
			buildConfigurationList = 2D271A921ABE1AE400A71464 /* Build configuration list for PBXNativeTarget "PipeDreamTests" */;
			buildPhases = (
				2D271A811ABE1AE400A71464 /* Sources */,
				2D271A821ABE1AE400A71464 /* Frameworks */,
				2D271A831ABE1AE400A71464 /* Resources */,
			);
			buildRules = (
			);
			dependencies = (
				2D271A871ABE1AE400A71464 /* PBXTargetDependency */,
			);
			name = PipeDreamTests;
			productName = PipeDreamTests;
			productReference = 2D271A851ABE1AE400A71464 /* PipeDreamTests.xctest */;
			productType = "com.apple.product-type.bundle.unit-test";
		};
/* End PBXNativeTarget section */

/* Begin PBXProject section */
		2D271A611ABE1AE300A71464 /* Project object */ = {
			isa = PBXProject;
			attributes = {
				LastUpgradeCheck = 0620;
				ORGANIZATIONNAME = "elif ece arslan";
				TargetAttributes = {
					2D271A681ABE1AE300A71464 = {
						CreatedOnToolsVersion = 6.2;
					};
					2D271A841ABE1AE400A71464 = {
						CreatedOnToolsVersion = 6.2;
						TestTargetID = 2D271A681ABE1AE300A71464;
					};
				};
			};
			buildConfigurationList = 2D271A641ABE1AE300A71464 /* Build configuration list for PBXProject "PipeDream" */;
			compatibilityVersion = "Xcode 3.2";
			developmentRegion = English;
			hasScannedForEncodings = 0;
			knownRegions = (
				en,
				Base,
			);
			mainGroup = 2D271A601ABE1AE300A71464;
			productRefGroup = 2D271A6A1ABE1AE300A71464 /* Products */;
			projectDirPath = "";
			projectRoot = "";
			targets = (
				2D271A681ABE1AE300A71464 /* PipeDream */,
				2D271A841ABE1AE400A71464 /* PipeDreamTests */,
			);
		};
/* End PBXProject section */

/* Begin PBXResourcesBuildPhase section */
		2D271A671ABE1AE300A71464 /* Resources */ = {
			isa = PBXResourcesBuildPhase;
			buildActionMask = 2147483647;
			files = (
				2DBEBCC11AD7314000123DB5 /* menu@2x.png in Resources */,
				2D271A7B1ABE1AE300A71464 /* Main.storyboard in Resources */,
				2DC51D3B1AD5B58200B9FA1F /* Front View@2x.png in Resources */,
				2DC51D3A1AD5B58200B9FA1F /* Front View.png in Resources */,
				2DC51D3C1AD5B58200B9FA1F /* Front View@3x.png in Resources */,
				2D4FC85D1AE8B0FF0044ACEF /* Fonts in Resources */,
				2DC51D391AD5B58200B9FA1F /* Front View Swipe Left@2x.png in Resources */,
				2DBEBCAE1AD70B7100123DB5 /* BG.png in Resources */,
				2D345C021AD9E56F00308866 /* detail@2x.png in Resources */,
				2DBEBCC01AD7314000123DB5 /* menu.png in Resources */,
				2D345C011AD9E56F00308866 /* detail.png in Resources */,
				2D271A801ABE1AE300A71464 /* LaunchScreen.xib in Resources */,
				2D271A7D1ABE1AE300A71464 /* Images.xcassets in Resources */,
				2DC51D381AD5B58200B9FA1F /* Front View Swipe Left.png in Resources */,
			);
			runOnlyForDeploymentPostprocessing = 0;
		};
		2D271A831ABE1AE400A71464 /* Resources */ = {
			isa = PBXResourcesBuildPhase;
			buildActionMask = 2147483647;
			files = (
			);
			runOnlyForDeploymentPostprocessing = 0;
		};
/* End PBXResourcesBuildPhase section */

/* Begin PBXShellScriptBuildPhase section */
		1D350AC411592F23B47CB64B /* Copy Pods Resources */ = {
			isa = PBXShellScriptBuildPhase;
			buildActionMask = 2147483647;
			files = (
			);
			inputPaths = (
			);
			name = "Copy Pods Resources";
			outputPaths = (
			);
			runOnlyForDeploymentPostprocessing = 0;
			shellPath = /bin/sh;
			shellScript = "\"${SRCROOT}/Pods/Target Support Files/Pods-PipeDream/Pods-PipeDream-resources.sh\"\n";
			showEnvVarsInLog = 0;
		};
		79E1597D1B55E73377686FB0 /* Check Pods Manifest.lock */ = {
			isa = PBXShellScriptBuildPhase;
			buildActionMask = 2147483647;
			files = (
			);
			inputPaths = (
			);
			name = "Check Pods Manifest.lock";
			outputPaths = (
			);
			runOnlyForDeploymentPostprocessing = 0;
			shellPath = /bin/sh;
			shellScript = "diff \"${PODS_ROOT}/../Podfile.lock\" \"${PODS_ROOT}/Manifest.lock\" > /dev/null\nif [[ $? != 0 ]] ; then\n    cat << EOM\nerror: The sandbox is not in sync with the Podfile.lock. Run 'pod install' or update your CocoaPods installation.\nEOM\n    exit 1\nfi\n";
			showEnvVarsInLog = 0;
		};
/* End PBXShellScriptBuildPhase section */

/* Begin PBXSourcesBuildPhase section */
		2D271A651ABE1AE300A71464 /* Sources */ = {
			isa = PBXSourcesBuildPhase;
			buildActionMask = 2147483647;
			files = (
				2D5D94171ADCBC620068DB3E /* Attachments.m in Sources */,
				2D4FC84E1AE870A90044ACEF /* PDReleaseTableViewCell.m in Sources */,
				2D2921411ADA4C7100D622EC /* PDSportsViewController.m in Sources */,
				2D7A30A71ADF37B700A6055C /* PDNewsTableviewCell.m in Sources */,
				2D5FDB5F1AEB6157004187BB /* KLCPopup.m in Sources */,
				2D29213D1ADA49E800D622EC /* PDReleaseViewController.m in Sources */,
				2DF06BF21AEB744600C03D09 /* PDShareUtility.m in Sources */,
				2D2921481ADA586E00D622EC /* PDSportsDetailViewController.m in Sources */,
				2D271A751ABE1AE300A71464 /* PipeDream.xcdatamodeld in Sources */,
				2D9ABD461AEDE2B100EA37EB /* PDArticleContentView.m in Sources */,
				2D8DADED1AD8B7440047AECE /* PDDrawerMenuCell.m in Sources */,
				2D5E8E241AD9F32500FB533F /* PDOpinionDetailViewController.m in Sources */,
				2DC51D261AD4ECA800B9FA1F /* PDNewsViewController.m in Sources */,
				2D271A721ABE1AE300A71464 /* AppDelegate.m in Sources */,
				2D4FC84B1AE827950044ACEF /* PDOpinionTableViewCell.m in Sources */,
				2D5D94221ADCBEAB0068DB3E /* PDSingleton.m in Sources */,
				2D5D94151ADCBC620068DB3E /* Article.m in Sources */,
				2DD575961AEDC61D0052CD01 /* PDRecentTableViewCell.m in Sources */,
				2DF06BF51AECA6DC00C03D09 /* PDFeedTableViewController.m in Sources */,
				2D9ABD491AEDF33400EA37EB /* PDContentViewController.m in Sources */,
				2D2921451ADA585100D622EC /* PDReleaseDetailViewController.m in Sources */,
				2D4FC8601AE8B4A20044ACEF /* PDContactViewController.m in Sources */,
				2D7A30AB1ADFF4DA00A6055C /* RequestOperationConfig.m in Sources */,
				2D8DADF71AD8E2E70047AECE /* PDFeedTableViewCell.m in Sources */,
				2D345C051AD9E5C700308866 /* PDNewsDetailViewController.m in Sources */,
				2D5E8E211AD9F2AE00FB533F /* PDOpinionViewController.m in Sources */,
				2D5D941F1ADCBD7E0068DB3E /* PDNetworkClient.m in Sources */,
				2BA09AD91AE833070084C258 /* NSString+HTML.m in Sources */,
				2D2921371ADA154500D622EC /* PDDrawerViewController.m in Sources */,
				2D5D94161ADCBC620068DB3E /* ArticleCategory.m in Sources */,
				2D271A9D1ABE25C900A71464 /* PDNavigationController.m in Sources */,
				2D271A6F1ABE1AE300A71464 /* main.m in Sources */,
				2D4FC8511AE890970044ACEF /* PDSportsTableViewCell.m in Sources */,
				2D4FC8541AE8A2430044ACEF /* PDRecentViewController.m in Sources */,
				2D5FDB491AEB1769004187BB /* PDShareButton.m in Sources */,
			);
			runOnlyForDeploymentPostprocessing = 0;
		};
		2D271A811ABE1AE400A71464 /* Sources */ = {
			isa = PBXSourcesBuildPhase;
			buildActionMask = 2147483647;
			files = (
				2D271A8C1ABE1AE400A71464 /* PipeDreamTests.m in Sources */,
			);
			runOnlyForDeploymentPostprocessing = 0;
		};
/* End PBXSourcesBuildPhase section */

/* Begin PBXTargetDependency section */
		2D271A871ABE1AE400A71464 /* PBXTargetDependency */ = {
			isa = PBXTargetDependency;
			target = 2D271A681ABE1AE300A71464 /* PipeDream */;
			targetProxy = 2D271A861ABE1AE400A71464 /* PBXContainerItemProxy */;
		};
/* End PBXTargetDependency section */

/* Begin PBXVariantGroup section */
		2D271A791ABE1AE300A71464 /* Main.storyboard */ = {
			isa = PBXVariantGroup;
			children = (
				2D271A7A1ABE1AE300A71464 /* Base */,
			);
			name = Main.storyboard;
			sourceTree = "<group>";
		};
		2D271A7E1ABE1AE300A71464 /* LaunchScreen.xib */ = {
			isa = PBXVariantGroup;
			children = (
				2D271A7F1ABE1AE300A71464 /* Base */,
			);
			name = LaunchScreen.xib;
			sourceTree = "<group>";
		};
/* End PBXVariantGroup section */

/* Begin XCBuildConfiguration section */
		2D271A8D1ABE1AE400A71464 /* Debug */ = {
			isa = XCBuildConfiguration;
			buildSettings = {
				ALWAYS_SEARCH_USER_PATHS = NO;
				CLANG_CXX_LANGUAGE_STANDARD = "gnu++0x";
				CLANG_CXX_LIBRARY = "libc++";
				CLANG_ENABLE_MODULES = YES;
				CLANG_ENABLE_OBJC_ARC = YES;
				CLANG_WARN_BOOL_CONVERSION = YES;
				CLANG_WARN_CONSTANT_CONVERSION = YES;
				CLANG_WARN_DIRECT_OBJC_ISA_USAGE = YES_ERROR;
				CLANG_WARN_EMPTY_BODY = YES;
				CLANG_WARN_ENUM_CONVERSION = YES;
				CLANG_WARN_INT_CONVERSION = YES;
				CLANG_WARN_OBJC_ROOT_CLASS = YES_ERROR;
				CLANG_WARN_UNREACHABLE_CODE = YES;
				CLANG_WARN__DUPLICATE_METHOD_MATCH = YES;
				"CODE_SIGN_IDENTITY[sdk=iphoneos*]" = "iPhone Developer";
				COPY_PHASE_STRIP = NO;
				ENABLE_STRICT_OBJC_MSGSEND = YES;
				GCC_C_LANGUAGE_STANDARD = gnu99;
				GCC_DYNAMIC_NO_PIC = NO;
				GCC_OPTIMIZATION_LEVEL = 0;
				GCC_PREPROCESSOR_DEFINITIONS = (
					"DEBUG=1",
					"$(inherited)",
				);
				GCC_SYMBOLS_PRIVATE_EXTERN = NO;
				GCC_WARN_64_TO_32_BIT_CONVERSION = YES;
				GCC_WARN_ABOUT_RETURN_TYPE = YES_ERROR;
				GCC_WARN_UNDECLARED_SELECTOR = YES;
				GCC_WARN_UNINITIALIZED_AUTOS = YES_AGGRESSIVE;
				GCC_WARN_UNUSED_FUNCTION = YES;
				GCC_WARN_UNUSED_VARIABLE = YES;
				IPHONEOS_DEPLOYMENT_TARGET = 8.3;
				MTL_ENABLE_DEBUG_INFO = YES;
				ONLY_ACTIVE_ARCH = YES;
				SDKROOT = iphoneos;
				SUPPORTED_PLATFORMS = "iphonesimulator iphoneos";
				TARGETED_DEVICE_FAMILY = "1,2";
			};
			name = Debug;
		};
		2D271A8E1ABE1AE400A71464 /* Release */ = {
			isa = XCBuildConfiguration;
			buildSettings = {
				ALWAYS_SEARCH_USER_PATHS = NO;
				CLANG_CXX_LANGUAGE_STANDARD = "gnu++0x";
				CLANG_CXX_LIBRARY = "libc++";
				CLANG_ENABLE_MODULES = YES;
				CLANG_ENABLE_OBJC_ARC = YES;
				CLANG_WARN_BOOL_CONVERSION = YES;
				CLANG_WARN_CONSTANT_CONVERSION = YES;
				CLANG_WARN_DIRECT_OBJC_ISA_USAGE = YES_ERROR;
				CLANG_WARN_EMPTY_BODY = YES;
				CLANG_WARN_ENUM_CONVERSION = YES;
				CLANG_WARN_INT_CONVERSION = YES;
				CLANG_WARN_OBJC_ROOT_CLASS = YES_ERROR;
				CLANG_WARN_UNREACHABLE_CODE = YES;
				CLANG_WARN__DUPLICATE_METHOD_MATCH = YES;
				"CODE_SIGN_IDENTITY[sdk=iphoneos*]" = "iPhone Developer";
				COPY_PHASE_STRIP = NO;
				ENABLE_NS_ASSERTIONS = NO;
				ENABLE_STRICT_OBJC_MSGSEND = YES;
				GCC_C_LANGUAGE_STANDARD = gnu99;
				GCC_WARN_64_TO_32_BIT_CONVERSION = YES;
				GCC_WARN_ABOUT_RETURN_TYPE = YES_ERROR;
				GCC_WARN_UNDECLARED_SELECTOR = YES;
				GCC_WARN_UNINITIALIZED_AUTOS = YES_AGGRESSIVE;
				GCC_WARN_UNUSED_FUNCTION = YES;
				GCC_WARN_UNUSED_VARIABLE = YES;
				IPHONEOS_DEPLOYMENT_TARGET = 8.3;
				MTL_ENABLE_DEBUG_INFO = NO;
				SDKROOT = iphoneos;
				SUPPORTED_PLATFORMS = "iphonesimulator iphoneos";
				TARGETED_DEVICE_FAMILY = "1,2";
				VALIDATE_PRODUCT = YES;
			};
			name = Release;
		};
		2D271A901ABE1AE400A71464 /* Debug */ = {
			isa = XCBuildConfiguration;
			baseConfigurationReference = 774EED6B9BEC8E099AFBF156 /* Pods-PipeDream.debug.xcconfig */;
			buildSettings = {
				ASSETCATALOG_COMPILER_APPICON_NAME = AppIcon;
				FRAMEWORK_SEARCH_PATHS = (
					"$(inherited)",
					"$(PROJECT_DIR)/build/Debug-iphoneos/Pods-PipeDream",
				);
				GCC_PRECOMPILE_PREFIX_HEADER = YES;
				GCC_PREFIX_HEADER = "PipeDream/PipeDream-Prefix.pch";
				HEADER_SEARCH_PATHS = (
					"$(inherited)",
					/Applications/Xcode.app/Contents/Developer/Toolchains/XcodeDefault.xctoolchain/usr/include,
					"\"$(BUILD_ROOT)/../IntermediateBuildFilesPath/UninstalledProducts/include\"",
					"$(inherited)",
				);
				INFOPLIST_FILE = PipeDream/Info.plist;
				LD_RUNPATH_SEARCH_PATHS = "$(inherited) @executable_path/Frameworks";
				LIBRARY_SEARCH_PATHS = (
					"$(inherited)",
					"$(PROJECT_DIR)/build/Debug-iphoneos",
					"$(SDKROOT)/usr/lib/system",
				);
				PRODUCT_NAME = "$(TARGET_NAME)";
			};
			name = Debug;
		};
		2D271A911ABE1AE400A71464 /* Release */ = {
			isa = XCBuildConfiguration;
			baseConfigurationReference = 1DBB73B3EFDBCEBB106DF89E /* Pods-PipeDream.release.xcconfig */;
			buildSettings = {
				ASSETCATALOG_COMPILER_APPICON_NAME = AppIcon;
				FRAMEWORK_SEARCH_PATHS = (
					"$(inherited)",
					"$(PROJECT_DIR)/build/Debug-iphoneos/Pods-PipeDream",
				);
				GCC_PRECOMPILE_PREFIX_HEADER = YES;
				GCC_PREFIX_HEADER = "PipeDream/PipeDream-Prefix.pch";
				HEADER_SEARCH_PATHS = (
					"$(inherited)",
					/Applications/Xcode.app/Contents/Developer/Toolchains/XcodeDefault.xctoolchain/usr/include,
					"\"$(BUILD_ROOT)/../IntermediateBuildFilesPath/UninstalledProducts/include\"",
					"$(inherited)",
				);
				INFOPLIST_FILE = PipeDream/Info.plist;
				LD_RUNPATH_SEARCH_PATHS = "$(inherited) @executable_path/Frameworks";
				LIBRARY_SEARCH_PATHS = (
					"$(inherited)",
					"$(PROJECT_DIR)/build/Debug-iphoneos",
					"$(SDKROOT)/usr/lib/system",
				);
				PRODUCT_NAME = "$(TARGET_NAME)";
			};
			name = Release;
		};
		2D271A931ABE1AE400A71464 /* Debug */ = {
			isa = XCBuildConfiguration;
			buildSettings = {
				BUNDLE_LOADER = "$(TEST_HOST)";
				FRAMEWORK_SEARCH_PATHS = (
					"$(SDKROOT)/Developer/Library/Frameworks",
					"$(inherited)",
				);
				GCC_PREPROCESSOR_DEFINITIONS = (
					"DEBUG=1",
					"$(inherited)",
				);
				INFOPLIST_FILE = PipeDreamTests/Info.plist;
				LD_RUNPATH_SEARCH_PATHS = "$(inherited) @executable_path/Frameworks @loader_path/Frameworks";
				PRODUCT_NAME = "$(TARGET_NAME)";
				TEST_HOST = "$(BUILT_PRODUCTS_DIR)/PipeDream.app/PipeDream";
			};
			name = Debug;
		};
		2D271A941ABE1AE400A71464 /* Release */ = {
			isa = XCBuildConfiguration;
			buildSettings = {
				BUNDLE_LOADER = "$(TEST_HOST)";
				FRAMEWORK_SEARCH_PATHS = (
					"$(SDKROOT)/Developer/Library/Frameworks",
					"$(inherited)",
				);
				INFOPLIST_FILE = PipeDreamTests/Info.plist;
				LD_RUNPATH_SEARCH_PATHS = "$(inherited) @executable_path/Frameworks @loader_path/Frameworks";
				PRODUCT_NAME = "$(TARGET_NAME)";
				TEST_HOST = "$(BUILT_PRODUCTS_DIR)/PipeDream.app/PipeDream";
			};
			name = Release;
		};
/* End XCBuildConfiguration section */

/* Begin XCConfigurationList section */
		2D271A641ABE1AE300A71464 /* Build configuration list for PBXProject "PipeDream" */ = {
			isa = XCConfigurationList;
			buildConfigurations = (
				2D271A8D1ABE1AE400A71464 /* Debug */,
				2D271A8E1ABE1AE400A71464 /* Release */,
			);
			defaultConfigurationIsVisible = 0;
			defaultConfigurationName = Release;
		};
		2D271A8F1ABE1AE400A71464 /* Build configuration list for PBXNativeTarget "PipeDream" */ = {
			isa = XCConfigurationList;
			buildConfigurations = (
				2D271A901ABE1AE400A71464 /* Debug */,
				2D271A911ABE1AE400A71464 /* Release */,
			);
			defaultConfigurationIsVisible = 0;
			defaultConfigurationName = Release;
		};
		2D271A921ABE1AE400A71464 /* Build configuration list for PBXNativeTarget "PipeDreamTests" */ = {
			isa = XCConfigurationList;
			buildConfigurations = (
				2D271A931ABE1AE400A71464 /* Debug */,
				2D271A941ABE1AE400A71464 /* Release */,
			);
			defaultConfigurationIsVisible = 0;
			defaultConfigurationName = Release;
		};
/* End XCConfigurationList section */

/* Begin XCVersionGroup section */
		2D271A731ABE1AE300A71464 /* PipeDream.xcdatamodeld */ = {
			isa = XCVersionGroup;
			children = (
				2D271A741ABE1AE300A71464 /* PipeDream.xcdatamodel */,
			);
			currentVersion = 2D271A741ABE1AE300A71464 /* PipeDream.xcdatamodel */;
			path = PipeDream.xcdatamodeld;
			sourceTree = "<group>";
			versionGroupType = wrapper.xcdatamodel;
		};
/* End XCVersionGroup section */
	};
	rootObject = 2D271A611ABE1AE300A71464 /* Project object */;
}
